// !$*UTF8*$!
{
	archiveVersion = 1;
	classes = {
	};
	objectVersion = 55;
	objects = {

/* Begin PBXBuildFile section */
		78B24DDF27FE73650053BD75 /* Brotherhoold_Alchemist_SwiftUIApp.swift in Sources */ = {isa = PBXBuildFile; fileRef = 78B24DDE27FE73650053BD75 /* Brotherhoold_Alchemist_SwiftUIApp.swift */; };
		78B24DE127FE73650053BD75 /* ContentView.swift in Sources */ = {isa = PBXBuildFile; fileRef = 78B24DE027FE73650053BD75 /* ContentView.swift */; };
		78B24DE327FE73660053BD75 /* Assets.xcassets in Resources */ = {isa = PBXBuildFile; fileRef = 78B24DE227FE73660053BD75 /* Assets.xcassets */; };
		78B24DEB27FE74700053BD75 /* DefaultIngredients.swift in Sources */ = {isa = PBXBuildFile; fileRef = 78B24DD227FE703D0053BD75 /* DefaultIngredients.swift */; };
		78B24DEC27FE74700053BD75 /* ConstrainedName.swift in Sources */ = {isa = PBXBuildFile; fileRef = 7824A122279908B6001BABC5 /* ConstrainedName.swift */; };
		78B24DED27FE74700053BD75 /* Effect.swift in Sources */ = {isa = PBXBuildFile; fileRef = 780837B51F81F13700357BF9 /* Effect.swift */; };
		78B24DEE27FE74700053BD75 /* Ingredient.swift in Sources */ = {isa = PBXBuildFile; fileRef = 780837B31F81F11000357BF9 /* Ingredient.swift */; };
		78B24DEF27FE74700053BD75 /* DefaultEffects.swift in Sources */ = {isa = PBXBuildFile; fileRef = 78B24DD527FE710A0053BD75 /* DefaultEffects.swift */; };
		78B24DF127FE74B80053BD75 /* EffectsList.swift in Sources */ = {isa = PBXBuildFile; fileRef = 78B24DF027FE74B80053BD75 /* EffectsList.swift */; };
		78B24DF427FE7EB70053BD75 /* TextFieldClearButton.swift in Sources */ = {isa = PBXBuildFile; fileRef = 78B24DF327FE7EB70053BD75 /* TextFieldClearButton.swift */; };
		78B24DF627FE90180053BD75 /* EffectDetails.swift in Sources */ = {isa = PBXBuildFile; fileRef = 78B24DF527FE90180053BD75 /* EffectDetails.swift */; };
		78B24DFA27FFCB010053BD75 /* IngredientsList.swift in Sources */ = {isa = PBXBuildFile; fileRef = 78B24DF927FFCB010053BD75 /* IngredientsList.swift */; };
		78B24E0027FFD0DA0053BD75 /* SelectionState.swift in Sources */ = {isa = PBXBuildFile; fileRef = 78B24DFF27FFD0DA0053BD75 /* SelectionState.swift */; };
		78B24E0227FFD3690053BD75 /* EffectsFilter.swift in Sources */ = {isa = PBXBuildFile; fileRef = 78B24E0127FFD3690053BD75 /* EffectsFilter.swift */; };
		78B24E042800B91D0053BD75 /* BorderedText.swift in Sources */ = {isa = PBXBuildFile; fileRef = 78B24E032800B91D0053BD75 /* BorderedText.swift */; };
		78B24E0A2800D38A0053BD75 /* IngredientDetails.swift in Sources */ = {isa = PBXBuildFile; fileRef = 78B24E092800D38A0053BD75 /* IngredientDetails.swift */; };
		A9585F6C2813956B00E78F47 /* Ingredient.swift in Sources */ = {isa = PBXBuildFile; fileRef = A9B524DD280E4AB500F4ABCA /* Ingredient.swift */; };
		A9585F6D2813956B00E78F47 /* Ingredient.swift in Sources */ = {isa = PBXBuildFile; fileRef = A9B524DD280E4AB500F4ABCA /* Ingredient.swift */; };
		A9585F742813959E00E78F47 /* ConstrainedName.swift in Sources */ = {isa = PBXBuildFile; fileRef = A9B524E3280E4B5700F4ABCA /* ConstrainedName.swift */; };
		A9585F752813959F00E78F47 /* ConstrainedName.swift in Sources */ = {isa = PBXBuildFile; fileRef = A9B524E3280E4B5700F4ABCA /* ConstrainedName.swift */; };
		A9585F76281395FD00E78F47 /* Effect.swift in Sources */ = {isa = PBXBuildFile; fileRef = A9B524DA280E4AB500F4ABCA /* Effect.swift */; };
		A9585F77281395FE00E78F47 /* Effect.swift in Sources */ = {isa = PBXBuildFile; fileRef = A9B524DA280E4AB500F4ABCA /* Effect.swift */; };
		A9585F782813960300E78F47 /* DefaultEffects.swift in Sources */ = {isa = PBXBuildFile; fileRef = A9B524D9280E4AB500F4ABCA /* DefaultEffects.swift */; };
		A9585F792813960400E78F47 /* DefaultEffects.swift in Sources */ = {isa = PBXBuildFile; fileRef = A9B524D9280E4AB500F4ABCA /* DefaultEffects.swift */; };
		A9585F7A2813963200E78F47 /* SelectionState.swift in Sources */ = {isa = PBXBuildFile; fileRef = A9B524F5280E4DF400F4ABCA /* SelectionState.swift */; };
		A9585F7B2813963300E78F47 /* SelectionState.swift in Sources */ = {isa = PBXBuildFile; fileRef = A9B524F5280E4DF400F4ABCA /* SelectionState.swift */; };
		A9585F7C2813AA0F00E78F47 /* DefaultIngredients.swift in Sources */ = {isa = PBXBuildFile; fileRef = A9B524DC280E4AB500F4ABCA /* DefaultIngredients.swift */; };
		A9585F7D2813AA0F00E78F47 /* DefaultIngredients.swift in Sources */ = {isa = PBXBuildFile; fileRef = A9B524DC280E4AB500F4ABCA /* DefaultIngredients.swift */; };
		A9585F7E2813ADAB00E78F47 /* Effects.swift in Sources */ = {isa = PBXBuildFile; fileRef = A90BF8012812597D00B0A510 /* Effects.swift */; };
		A9585F7F2813ADAC00E78F47 /* Effects.swift in Sources */ = {isa = PBXBuildFile; fileRef = A90BF8012812597D00B0A510 /* Effects.swift */; };
		A9585F802813B23D00E78F47 /* EffectsTests.swift in Sources */ = {isa = PBXBuildFile; fileRef = A90BF80E281266A200B0A510 /* EffectsTests.swift */; };
		A9585F812814099800E78F47 /* Ingredients.swift in Sources */ = {isa = PBXBuildFile; fileRef = A9585F3A281344F000E78F47 /* Ingredients.swift */; };
		A9585F822814099800E78F47 /* Ingredients.swift in Sources */ = {isa = PBXBuildFile; fileRef = A9585F3A281344F000E78F47 /* Ingredients.swift */; };
		A9B524C8280E495400F4ABCA /* Assets.xcassets in Resources */ = {isa = PBXBuildFile; fileRef = A9B524C7280E495400F4ABCA /* Assets.xcassets */; };
		A9DF11672801BA6C0039BE4C /* MinWidthCoordinator.swift in Sources */ = {isa = PBXBuildFile; fileRef = A9DF11662801BA6C0039BE4C /* MinWidthCoordinator.swift */; };
		A9DF11692801BD6D0039BE4C /* ViewModel.swift in Sources */ = {isa = PBXBuildFile; fileRef = A9DF11682801BD6D0039BE4C /* ViewModel.swift */; };
		A9DF11712801C8380039BE4C /* SelectionIndicatorCant.swift in Sources */ = {isa = PBXBuildFile; fileRef = A9DF11702801C8380039BE4C /* SelectionIndicatorCant.swift */; };
		A9DF11732801C8750039BE4C /* SelectionIndicatorMay.swift in Sources */ = {isa = PBXBuildFile; fileRef = A9DF11722801C8750039BE4C /* SelectionIndicatorMay.swift */; };
		A9DF11752801C8A20039BE4C /* SelectionIndicatorMust.swift in Sources */ = {isa = PBXBuildFile; fileRef = A9DF11742801C8A20039BE4C /* SelectionIndicatorMust.swift */; };
		A9DF11772801C8E90039BE4C /* SelectionText.swift in Sources */ = {isa = PBXBuildFile; fileRef = A9DF11762801C8E90039BE4C /* SelectionText.swift */; };
		A9DF117A2801CD610039BE4C /* IngredientsFilter.swift in Sources */ = {isa = PBXBuildFile; fileRef = A9DF11792801CD610039BE4C /* IngredientsFilter.swift */; };
		A9DF117C2801D0720039BE4C /* ResetModal.swift in Sources */ = {isa = PBXBuildFile; fileRef = A9DF117B2801D0720039BE4C /* ResetModal.swift */; };
		A9DF117E2801DD430039BE4C /* TabsOriginCoordinator.swift in Sources */ = {isa = PBXBuildFile; fileRef = A9DF117D2801DD430039BE4C /* TabsOriginCoordinator.swift */; };
		A9DF11802801E0370039BE4C /* HeightCoordinator.swift in Sources */ = {isa = PBXBuildFile; fileRef = A9DF117F2801E0370039BE4C /* HeightCoordinator.swift */; };
		A9DF11822801E1280039BE4C /* Tabs.swift in Sources */ = {isa = PBXBuildFile; fileRef = A9DF11812801E1280039BE4C /* Tabs.swift */; };
		A9DF1184280203E10039BE4C /* ListHeader.swift in Sources */ = {isa = PBXBuildFile; fileRef = A9DF1183280203E10039BE4C /* ListHeader.swift */; };
		A9DF1186280206570039BE4C /* FilterControl.swift in Sources */ = {isa = PBXBuildFile; fileRef = A9DF1185280206570039BE4C /* FilterControl.swift */; };
		A9DF11872802449D0039BE4C /* Concoction.swift in Sources */ = {isa = PBXBuildFile; fileRef = 78E8F08B1F833B0000B07C92 /* Concoction.swift */; };
		A9DF1188280244A30039BE4C /* ConcoctionFinder.swift in Sources */ = {isa = PBXBuildFile; fileRef = 787334EE27DE7A24009120C5 /* ConcoctionFinder.swift */; };
		A9DF1189280246300039BE4C /* EffectsValueCalculator.swift in Sources */ = {isa = PBXBuildFile; fileRef = 787334F127DE7AD2009120C5 /* EffectsValueCalculator.swift */; };
		A9DF118C280247080039BE4C /* RecipesList.swift in Sources */ = {isa = PBXBuildFile; fileRef = A9DF118B280247080039BE4C /* RecipesList.swift */; };
		A9DF118E280249610039BE4C /* RecipeDetails.swift in Sources */ = {isa = PBXBuildFile; fileRef = A9DF118D280249610039BE4C /* RecipeDetails.swift */; };
		A9DF11902802567A0039BE4C /* SelectionIndicator.swift in Sources */ = {isa = PBXBuildFile; fileRef = A9DF118F2802567A0039BE4C /* SelectionIndicator.swift */; };
		A9DF1192280273080039BE4C /* UpdateConcoctions.swift in Sources */ = {isa = PBXBuildFile; fileRef = A9DF1191280273080039BE4C /* UpdateConcoctions.swift */; };
		A9DF1194280277B10039BE4C /* FindConcoctions.swift in Sources */ = {isa = PBXBuildFile; fileRef = A9DF1193280277B10039BE4C /* FindConcoctions.swift */; };
		A9DF11972803128F0039BE4C /* RecipesListOptions.swift in Sources */ = {isa = PBXBuildFile; fileRef = A9DF11962803128F0039BE4C /* RecipesListOptions.swift */; };
		A9DF119928031C830039BE4C /* Credits.swift in Sources */ = {isa = PBXBuildFile; fileRef = A9DF119828031C830039BE4C /* Credits.swift */; };
/* End PBXBuildFile section */

/* Begin PBXFileReference section */
		780837B31F81F11000357BF9 /* Ingredient.swift */ = {isa = PBXFileReference; lastKnownFileType = sourcecode.swift; path = Ingredient.swift; sourceTree = "<group>"; };
		780837B51F81F13700357BF9 /* Effect.swift */ = {isa = PBXFileReference; lastKnownFileType = sourcecode.swift; path = Effect.swift; sourceTree = "<group>"; };
		7824A107278A9DBC001BABC5 /* Brotherhood AlchemistTests.xctest */ = {isa = PBXFileReference; explicitFileType = wrapper.cfbundle; includeInIndex = 0; path = "Brotherhood AlchemistTests.xctest"; sourceTree = BUILT_PRODUCTS_DIR; };
		7824A114279127FD001BABC5 /* EffectTests.swift */ = {isa = PBXFileReference; lastKnownFileType = sourcecode.swift; path = EffectTests.swift; sourceTree = "<group>"; };
		7824A12027990874001BABC5 /* IngredientTests.swift */ = {isa = PBXFileReference; lastKnownFileType = sourcecode.swift; path = IngredientTests.swift; sourceTree = "<group>"; };
		7824A122279908B6001BABC5 /* ConstrainedName.swift */ = {isa = PBXFileReference; lastKnownFileType = sourcecode.swift; path = ConstrainedName.swift; sourceTree = "<group>"; };
		7824A1252799099E001BABC5 /* ConstrainedNameTests.swift */ = {isa = PBXFileReference; lastKnownFileType = sourcecode.swift; path = ConstrainedNameTests.swift; sourceTree = "<group>"; };
		787334E927DE445F009120C5 /* GrimoireTests.swift */ = {isa = PBXFileReference; lastKnownFileType = sourcecode.swift; path = GrimoireTests.swift; sourceTree = "<group>"; };
		787334EE27DE7A24009120C5 /* ConcoctionFinder.swift */ = {isa = PBXFileReference; lastKnownFileType = sourcecode.swift; path = ConcoctionFinder.swift; sourceTree = "<group>"; };
		787334F127DE7AD2009120C5 /* EffectsValueCalculator.swift */ = {isa = PBXFileReference; lastKnownFileType = sourcecode.swift; path = EffectsValueCalculator.swift; sourceTree = "<group>"; };
		787334F427DE81B1009120C5 /* ConcoctionEffectsFilterTests.swift */ = {isa = PBXFileReference; lastKnownFileType = sourcecode.swift; path = ConcoctionEffectsFilterTests.swift; sourceTree = "<group>"; };
		787334F627DE8945009120C5 /* ConcoctionIngredientsFilterTests.swift */ = {isa = PBXFileReference; lastKnownFileType = sourcecode.swift; path = ConcoctionIngredientsFilterTests.swift; sourceTree = "<group>"; };
		787334F827DEC8F7009120C5 /* ConcoctionFinderTests.swift */ = {isa = PBXFileReference; lastKnownFileType = sourcecode.swift; path = ConcoctionFinderTests.swift; sourceTree = "<group>"; };
		78B24DD227FE703D0053BD75 /* DefaultIngredients.swift */ = {isa = PBXFileReference; lastKnownFileType = sourcecode.swift; path = DefaultIngredients.swift; sourceTree = "<group>"; };
		78B24DD527FE710A0053BD75 /* DefaultEffects.swift */ = {isa = PBXFileReference; lastKnownFileType = sourcecode.swift; path = DefaultEffects.swift; sourceTree = "<group>"; };
		78B24DDC27FE73650053BD75 /* Alchemist.app */ = {isa = PBXFileReference; explicitFileType = wrapper.application; includeInIndex = 0; path = Alchemist.app; sourceTree = BUILT_PRODUCTS_DIR; };
		78B24DDE27FE73650053BD75 /* Brotherhoold_Alchemist_SwiftUIApp.swift */ = {isa = PBXFileReference; lastKnownFileType = sourcecode.swift; path = Brotherhoold_Alchemist_SwiftUIApp.swift; sourceTree = "<group>"; };
		78B24DE027FE73650053BD75 /* ContentView.swift */ = {isa = PBXFileReference; lastKnownFileType = sourcecode.swift; path = ContentView.swift; sourceTree = "<group>"; };
		78B24DE227FE73660053BD75 /* Assets.xcassets */ = {isa = PBXFileReference; lastKnownFileType = folder.assetcatalog; path = Assets.xcassets; sourceTree = "<group>"; };
		78B24DF027FE74B80053BD75 /* EffectsList.swift */ = {isa = PBXFileReference; lastKnownFileType = sourcecode.swift; path = EffectsList.swift; sourceTree = "<group>"; };
		78B24DF327FE7EB70053BD75 /* TextFieldClearButton.swift */ = {isa = PBXFileReference; lastKnownFileType = sourcecode.swift; path = TextFieldClearButton.swift; sourceTree = "<group>"; };
		78B24DF527FE90180053BD75 /* EffectDetails.swift */ = {isa = PBXFileReference; lastKnownFileType = sourcecode.swift; path = EffectDetails.swift; sourceTree = "<group>"; };
		78B24DF927FFCB010053BD75 /* IngredientsList.swift */ = {isa = PBXFileReference; lastKnownFileType = sourcecode.swift; path = IngredientsList.swift; sourceTree = "<group>"; };
		78B24DFF27FFD0DA0053BD75 /* SelectionState.swift */ = {isa = PBXFileReference; lastKnownFileType = sourcecode.swift; path = SelectionState.swift; sourceTree = "<group>"; };
		78B24E0127FFD3690053BD75 /* EffectsFilter.swift */ = {isa = PBXFileReference; lastKnownFileType = sourcecode.swift; path = EffectsFilter.swift; sourceTree = "<group>"; };
		78B24E032800B91D0053BD75 /* BorderedText.swift */ = {isa = PBXFileReference; lastKnownFileType = sourcecode.swift; path = BorderedText.swift; sourceTree = "<group>"; };
		78B24E092800D38A0053BD75 /* IngredientDetails.swift */ = {isa = PBXFileReference; lastKnownFileType = sourcecode.swift; path = IngredientDetails.swift; sourceTree = "<group>"; };
		78E8F08B1F833B0000B07C92 /* Concoction.swift */ = {isa = PBXFileReference; lastKnownFileType = sourcecode.swift; path = Concoction.swift; sourceTree = "<group>"; };
		A90BF8012812597D00B0A510 /* Effects.swift */ = {isa = PBXFileReference; lastKnownFileType = sourcecode.swift; path = Effects.swift; sourceTree = "<group>"; };
		A90BF80E281266A200B0A510 /* EffectsTests.swift */ = {isa = PBXFileReference; lastKnownFileType = sourcecode.swift; path = EffectsTests.swift; sourceTree = "<group>"; };
		A9585F282813300800E78F47 /* SeekedEffect.swift */ = {isa = PBXFileReference; lastKnownFileType = sourcecode.swift; path = SeekedEffect.swift; sourceTree = "<group>"; };
		A9585F2A2813303200E78F47 /* SeekedIngredient.swift */ = {isa = PBXFileReference; lastKnownFileType = sourcecode.swift; path = SeekedIngredient.swift; sourceTree = "<group>"; };
		A9585F2C2813309200E78F47 /* EffectDetails.swift */ = {isa = PBXFileReference; fileEncoding = 4; lastKnownFileType = sourcecode.swift; path = EffectDetails.swift; sourceTree = "<group>"; };
		A9585F2D2813309200E78F47 /* EffectsList.swift */ = {isa = PBXFileReference; fileEncoding = 4; lastKnownFileType = sourcecode.swift; path = EffectsList.swift; sourceTree = "<group>"; };
		A9585F342813419400E78F47 /* EffectsFilter.swift */ = {isa = PBXFileReference; fileEncoding = 4; lastKnownFileType = sourcecode.swift; path = EffectsFilter.swift; sourceTree = "<group>"; };
		A9585F362813427600E78F47 /* Credits.swift */ = {isa = PBXFileReference; fileEncoding = 4; lastKnownFileType = sourcecode.swift; path = Credits.swift; sourceTree = "<group>"; };
		A9585F3A281344F000E78F47 /* Ingredients.swift */ = {isa = PBXFileReference; lastKnownFileType = sourcecode.swift; path = Ingredients.swift; sourceTree = "<group>"; };
		A9585F3D2813635700E78F47 /* Registries.swift */ = {isa = PBXFileReference; lastKnownFileType = sourcecode.swift; path = Registries.swift; sourceTree = "<group>"; };
		A9585F4028136D7400E78F47 /* RecipesList.swift */ = {isa = PBXFileReference; fileEncoding = 4; lastKnownFileType = sourcecode.swift; path = RecipesList.swift; sourceTree = "<group>"; };
		A9585F4128136D7400E78F47 /* RecipesListOptions.swift */ = {isa = PBXFileReference; fileEncoding = 4; lastKnownFileType = sourcecode.swift; path = RecipesListOptions.swift; sourceTree = "<group>"; };
		A9585F4228136D7400E78F47 /* RecipeDetails.swift */ = {isa = PBXFileReference; fileEncoding = 4; lastKnownFileType = sourcecode.swift; path = RecipeDetails.swift; sourceTree = "<group>"; };
		A9585F4628136DF900E78F47 /* Concoction.swift */ = {isa = PBXFileReference; fileEncoding = 4; lastKnownFileType = sourcecode.swift; path = Concoction.swift; sourceTree = "<group>"; };
		A9585F4728136DF900E78F47 /* ConcoctionFinder.swift */ = {isa = PBXFileReference; fileEncoding = 4; lastKnownFileType = sourcecode.swift; path = ConcoctionFinder.swift; sourceTree = "<group>"; };
		A9585F4A28136EAE00E78F47 /* Concoctions.swift */ = {isa = PBXFileReference; lastKnownFileType = sourcecode.swift; path = Concoctions.swift; sourceTree = "<group>"; };
		A9B524C1280E495300F4ABCA /* Brotherhood Alchemist.app */ = {isa = PBXFileReference; explicitFileType = wrapper.application; includeInIndex = 0; path = "Brotherhood Alchemist.app"; sourceTree = BUILT_PRODUCTS_DIR; };
		A9B524C3280E495300F4ABCA /* Brotherhood_AlchemistApp.swift */ = {isa = PBXFileReference; lastKnownFileType = sourcecode.swift; path = Brotherhood_AlchemistApp.swift; sourceTree = "<group>"; };
		A9B524C7280E495400F4ABCA /* Assets.xcassets */ = {isa = PBXFileReference; lastKnownFileType = folder.assetcatalog; path = Assets.xcassets; sourceTree = "<group>"; };
		A9B524CF280E49FC00F4ABCA /* SelectionIndicatorMust.swift */ = {isa = PBXFileReference; fileEncoding = 4; lastKnownFileType = sourcecode.swift; path = SelectionIndicatorMust.swift; sourceTree = "<group>"; };
		A9B524D0280E49FC00F4ABCA /* SelectionIndicator.swift */ = {isa = PBXFileReference; fileEncoding = 4; lastKnownFileType = sourcecode.swift; path = SelectionIndicator.swift; sourceTree = "<group>"; };
		A9B524D1280E49FC00F4ABCA /* SelectionIndicatorCant.swift */ = {isa = PBXFileReference; fileEncoding = 4; lastKnownFileType = sourcecode.swift; path = SelectionIndicatorCant.swift; sourceTree = "<group>"; };
		A9B524D2280E49FC00F4ABCA /* SelectionIndicatorMay.swift */ = {isa = PBXFileReference; fileEncoding = 4; lastKnownFileType = sourcecode.swift; path = SelectionIndicatorMay.swift; sourceTree = "<group>"; };
		A9B524D7280E4A1B00F4ABCA /* IngredientDetails.swift */ = {isa = PBXFileReference; fileEncoding = 4; lastKnownFileType = sourcecode.swift; path = IngredientDetails.swift; sourceTree = "<group>"; };
		A9B524D9280E4AB500F4ABCA /* DefaultEffects.swift */ = {isa = PBXFileReference; fileEncoding = 4; lastKnownFileType = sourcecode.swift; path = DefaultEffects.swift; sourceTree = "<group>"; };
		A9B524DA280E4AB500F4ABCA /* Effect.swift */ = {isa = PBXFileReference; fileEncoding = 4; lastKnownFileType = sourcecode.swift; path = Effect.swift; sourceTree = "<group>"; };
		A9B524DB280E4AB500F4ABCA /* IngredientsList.swift */ = {isa = PBXFileReference; fileEncoding = 4; lastKnownFileType = sourcecode.swift; path = IngredientsList.swift; sourceTree = "<group>"; };
		A9B524DC280E4AB500F4ABCA /* DefaultIngredients.swift */ = {isa = PBXFileReference; fileEncoding = 4; lastKnownFileType = sourcecode.swift; path = DefaultIngredients.swift; sourceTree = "<group>"; };
		A9B524DD280E4AB500F4ABCA /* Ingredient.swift */ = {isa = PBXFileReference; fileEncoding = 4; lastKnownFileType = sourcecode.swift; path = Ingredient.swift; sourceTree = "<group>"; };
		A9B524E3280E4B5700F4ABCA /* ConstrainedName.swift */ = {isa = PBXFileReference; fileEncoding = 4; lastKnownFileType = sourcecode.swift; path = ConstrainedName.swift; sourceTree = "<group>"; };
		A9B524E5280E4C8800F4ABCA /* ContentView.swift */ = {isa = PBXFileReference; fileEncoding = 4; lastKnownFileType = sourcecode.swift; path = ContentView.swift; sourceTree = "<group>"; };
		A9B524E7280E4CF200F4ABCA /* TabsOriginCoordinator.swift */ = {isa = PBXFileReference; fileEncoding = 4; lastKnownFileType = sourcecode.swift; path = TabsOriginCoordinator.swift; sourceTree = "<group>"; };
		A9B524E8280E4CF200F4ABCA /* FilterControl.swift */ = {isa = PBXFileReference; fileEncoding = 4; lastKnownFileType = sourcecode.swift; path = FilterControl.swift; sourceTree = "<group>"; };
		A9B524E9280E4CF200F4ABCA /* HeightCoordinator.swift */ = {isa = PBXFileReference; fileEncoding = 4; lastKnownFileType = sourcecode.swift; path = HeightCoordinator.swift; sourceTree = "<group>"; };
		A9B524EA280E4CF200F4ABCA /* ListHeader.swift */ = {isa = PBXFileReference; fileEncoding = 4; lastKnownFileType = sourcecode.swift; path = ListHeader.swift; sourceTree = "<group>"; };
		A9B524EB280E4CF200F4ABCA /* MinWidthCoordinator.swift */ = {isa = PBXFileReference; fileEncoding = 4; lastKnownFileType = sourcecode.swift; path = MinWidthCoordinator.swift; sourceTree = "<group>"; };
		A9B524EC280E4CF200F4ABCA /* TextFieldClearButton.swift */ = {isa = PBXFileReference; fileEncoding = 4; lastKnownFileType = sourcecode.swift; path = TextFieldClearButton.swift; sourceTree = "<group>"; };
		A9B524ED280E4CF200F4ABCA /* SelectionText.swift */ = {isa = PBXFileReference; fileEncoding = 4; lastKnownFileType = sourcecode.swift; path = SelectionText.swift; sourceTree = "<group>"; };
		A9B524F5280E4DF400F4ABCA /* SelectionState.swift */ = {isa = PBXFileReference; fileEncoding = 4; lastKnownFileType = sourcecode.swift; path = SelectionState.swift; sourceTree = "<group>"; };
		A9B524F7280E4EC600F4ABCA /* Tabs.swift */ = {isa = PBXFileReference; fileEncoding = 4; lastKnownFileType = sourcecode.swift; path = Tabs.swift; sourceTree = "<group>"; };
		A9B524F9280E4EDC00F4ABCA /* Tab.swift */ = {isa = PBXFileReference; lastKnownFileType = sourcecode.swift; path = Tab.swift; sourceTree = "<group>"; };
		A9B524FB280E4F8D00F4ABCA /* IngredientsFilter.swift */ = {isa = PBXFileReference; fileEncoding = 4; lastKnownFileType = sourcecode.swift; path = IngredientsFilter.swift; sourceTree = "<group>"; };
		A9B524FD280E50E600F4ABCA /* ResetModal.swift */ = {isa = PBXFileReference; fileEncoding = 4; lastKnownFileType = sourcecode.swift; path = ResetModal.swift; sourceTree = "<group>"; };
		A9DF11662801BA6C0039BE4C /* MinWidthCoordinator.swift */ = {isa = PBXFileReference; lastKnownFileType = sourcecode.swift; path = MinWidthCoordinator.swift; sourceTree = "<group>"; };
		A9DF11682801BD6D0039BE4C /* ViewModel.swift */ = {isa = PBXFileReference; lastKnownFileType = sourcecode.swift; path = ViewModel.swift; sourceTree = "<group>"; };
		A9DF11702801C8380039BE4C /* SelectionIndicatorCant.swift */ = {isa = PBXFileReference; lastKnownFileType = sourcecode.swift; path = SelectionIndicatorCant.swift; sourceTree = "<group>"; };
		A9DF11722801C8750039BE4C /* SelectionIndicatorMay.swift */ = {isa = PBXFileReference; lastKnownFileType = sourcecode.swift; path = SelectionIndicatorMay.swift; sourceTree = "<group>"; };
		A9DF11742801C8A20039BE4C /* SelectionIndicatorMust.swift */ = {isa = PBXFileReference; lastKnownFileType = sourcecode.swift; path = SelectionIndicatorMust.swift; sourceTree = "<group>"; };
		A9DF11762801C8E90039BE4C /* SelectionText.swift */ = {isa = PBXFileReference; lastKnownFileType = sourcecode.swift; path = SelectionText.swift; sourceTree = "<group>"; };
		A9DF11792801CD610039BE4C /* IngredientsFilter.swift */ = {isa = PBXFileReference; lastKnownFileType = sourcecode.swift; path = IngredientsFilter.swift; sourceTree = "<group>"; };
		A9DF117B2801D0720039BE4C /* ResetModal.swift */ = {isa = PBXFileReference; lastKnownFileType = sourcecode.swift; path = ResetModal.swift; sourceTree = "<group>"; };
		A9DF117D2801DD430039BE4C /* TabsOriginCoordinator.swift */ = {isa = PBXFileReference; lastKnownFileType = sourcecode.swift; path = TabsOriginCoordinator.swift; sourceTree = "<group>"; };
		A9DF117F2801E0370039BE4C /* HeightCoordinator.swift */ = {isa = PBXFileReference; lastKnownFileType = sourcecode.swift; path = HeightCoordinator.swift; sourceTree = "<group>"; };
		A9DF11812801E1280039BE4C /* Tabs.swift */ = {isa = PBXFileReference; lastKnownFileType = sourcecode.swift; path = Tabs.swift; sourceTree = "<group>"; };
		A9DF1183280203E10039BE4C /* ListHeader.swift */ = {isa = PBXFileReference; lastKnownFileType = sourcecode.swift; path = ListHeader.swift; sourceTree = "<group>"; };
		A9DF1185280206570039BE4C /* FilterControl.swift */ = {isa = PBXFileReference; lastKnownFileType = sourcecode.swift; path = FilterControl.swift; sourceTree = "<group>"; };
		A9DF118B280247080039BE4C /* RecipesList.swift */ = {isa = PBXFileReference; lastKnownFileType = sourcecode.swift; path = RecipesList.swift; sourceTree = "<group>"; };
		A9DF118D280249610039BE4C /* RecipeDetails.swift */ = {isa = PBXFileReference; lastKnownFileType = sourcecode.swift; path = RecipeDetails.swift; sourceTree = "<group>"; };
		A9DF118F2802567A0039BE4C /* SelectionIndicator.swift */ = {isa = PBXFileReference; lastKnownFileType = sourcecode.swift; path = SelectionIndicator.swift; sourceTree = "<group>"; };
		A9DF1191280273080039BE4C /* UpdateConcoctions.swift */ = {isa = PBXFileReference; lastKnownFileType = sourcecode.swift; path = UpdateConcoctions.swift; sourceTree = "<group>"; };
		A9DF1193280277B10039BE4C /* FindConcoctions.swift */ = {isa = PBXFileReference; lastKnownFileType = sourcecode.swift; path = FindConcoctions.swift; sourceTree = "<group>"; };
		A9DF11962803128F0039BE4C /* RecipesListOptions.swift */ = {isa = PBXFileReference; lastKnownFileType = sourcecode.swift; path = RecipesListOptions.swift; sourceTree = "<group>"; };
		A9DF119828031C830039BE4C /* Credits.swift */ = {isa = PBXFileReference; lastKnownFileType = sourcecode.swift; path = Credits.swift; sourceTree = "<group>"; };
		A9DF119A2803209F0039BE4C /* Brotherhoold Alchemist SwiftUI.entitlements */ = {isa = PBXFileReference; lastKnownFileType = text.plist.entitlements; path = "Brotherhoold Alchemist SwiftUI.entitlements"; sourceTree = "<group>"; };
/* End PBXFileReference section */

/* Begin PBXFrameworksBuildPhase section */
		7824A104278A9DBC001BABC5 /* Frameworks */ = {
			isa = PBXFrameworksBuildPhase;
			buildActionMask = 2147483647;
			files = (
			);
			runOnlyForDeploymentPostprocessing = 0;
		};
		78B24DD927FE73650053BD75 /* Frameworks */ = {
			isa = PBXFrameworksBuildPhase;
			buildActionMask = 2147483647;
			files = (
			);
			runOnlyForDeploymentPostprocessing = 0;
		};
		A9B524BE280E495300F4ABCA /* Frameworks */ = {
			isa = PBXFrameworksBuildPhase;
			buildActionMask = 2147483647;
			files = (
			);
			runOnlyForDeploymentPostprocessing = 0;
		};
/* End PBXFrameworksBuildPhase section */

/* Begin PBXGroup section */
		7824A108278A9DBC001BABC5 /* Brotherhood AlchemistTests */ = {
			isa = PBXGroup;
			children = (
				787334F427DE81B1009120C5 /* ConcoctionEffectsFilterTests.swift */,
				787334F827DEC8F7009120C5 /* ConcoctionFinderTests.swift */,
				787334F627DE8945009120C5 /* ConcoctionIngredientsFilterTests.swift */,
				7824A1252799099E001BABC5 /* ConstrainedNameTests.swift */,
				7824A114279127FD001BABC5 /* EffectTests.swift */,
				A90BF80E281266A200B0A510 /* EffectsTests.swift */,
				787334E927DE445F009120C5 /* GrimoireTests.swift */,
				7824A12027990874001BABC5 /* IngredientTests.swift */,
			);
			path = "Brotherhood AlchemistTests";
			sourceTree = "<group>";
		};
		78B24DDD27FE73650053BD75 /* Brotherhoold Alchemist SwiftUI */ = {
			isa = PBXGroup;
			children = (
				A9DF119A2803209F0039BE4C /* Brotherhoold Alchemist SwiftUI.entitlements */,
				78B24DE227FE73660053BD75 /* Assets.xcassets */,
				78B24DDE27FE73650053BD75 /* Brotherhoold_Alchemist_SwiftUIApp.swift */,
				78B24DE027FE73650053BD75 /* ContentView.swift */,
				A9DF11812801E1280039BE4C /* Tabs.swift */,
				A9DF119828031C830039BE4C /* Credits.swift */,
				A9DF11782801CB950039BE4C /* Data Model & Logic */,
				A9DF11642801B5AA0039BE4C /* Effects */,
				A9DF11632801B5900039BE4C /* Ingredients */,
				A9DF118A280246F40039BE4C /* Recipes */,
				A9DF11652801B5D10039BE4C /* Utilities and common UI */,
			);
			path = "Brotherhoold Alchemist SwiftUI";
			sourceTree = "<group>";
		};
		78EEE2401F81C9230036FAA2 = {
			isa = PBXGroup;
			children = (
				A9B524C2280E495300F4ABCA /* Brotherhood Alchemist */,
				7824A108278A9DBC001BABC5 /* Brotherhood AlchemistTests */,
				78B24DDD27FE73650053BD75 /* Brotherhoold Alchemist SwiftUI */,
				78EEE24A1F81C9230036FAA2 /* Products */,
			);
			sourceTree = "<group>";
		};
		78EEE24A1F81C9230036FAA2 /* Products */ = {
			isa = PBXGroup;
			children = (
				7824A107278A9DBC001BABC5 /* Brotherhood AlchemistTests.xctest */,
				78B24DDC27FE73650053BD75 /* Alchemist.app */,
				A9B524C1280E495300F4ABCA /* Brotherhood Alchemist.app */,
			);
			name = Products;
			sourceTree = "<group>";
		};
		A9B524C2280E495300F4ABCA /* Brotherhood Alchemist */ = {
			isa = PBXGroup;
			children = (
				A9B524C7280E495400F4ABCA /* Assets.xcassets */,
				A9B524C3280E495300F4ABCA /* Brotherhood_AlchemistApp.swift */,
				A9585F4628136DF900E78F47 /* Concoction.swift */,
				A9585F4728136DF900E78F47 /* ConcoctionFinder.swift */,
				A9585F4A28136EAE00E78F47 /* Concoctions.swift */,
				A9B524E3280E4B5700F4ABCA /* ConstrainedName.swift */,
				A9B524E5280E4C8800F4ABCA /* ContentView.swift */,
				A9585F362813427600E78F47 /* Credits.swift */,
				A9B524D9280E4AB500F4ABCA /* DefaultEffects.swift */,
				A9B524DC280E4AB500F4ABCA /* DefaultIngredients.swift */,
				A9B524DA280E4AB500F4ABCA /* Effect.swift */,
				A90BF8012812597D00B0A510 /* Effects.swift */,
				A9585F2C2813309200E78F47 /* EffectDetails.swift */,
				A9585F342813419400E78F47 /* EffectsFilter.swift */,
				A9585F2D2813309200E78F47 /* EffectsList.swift */,
				A9B524E8280E4CF200F4ABCA /* FilterControl.swift */,
				A9B524E9280E4CF200F4ABCA /* HeightCoordinator.swift */,
				A9B524DD280E4AB500F4ABCA /* Ingredient.swift */,
				A9B524D7280E4A1B00F4ABCA /* IngredientDetails.swift */,
				A9585F3A281344F000E78F47 /* Ingredients.swift */,
				A9B524FB280E4F8D00F4ABCA /* IngredientsFilter.swift */,
				A9B524DB280E4AB500F4ABCA /* IngredientsList.swift */,
				A9B524EA280E4CF200F4ABCA /* ListHeader.swift */,
				A9B524EB280E4CF200F4ABCA /* MinWidthCoordinator.swift */,
				A9585F4228136D7400E78F47 /* RecipeDetails.swift */,
				A9585F4028136D7400E78F47 /* RecipesList.swift */,
				A9585F4128136D7400E78F47 /* RecipesListOptions.swift */,
				A9B524FD280E50E600F4ABCA /* ResetModal.swift */,
				A9585F3D2813635700E78F47 /* Registries.swift */,
				A9585F282813300800E78F47 /* SeekedEffect.swift */,
				A9585F2A2813303200E78F47 /* SeekedIngredient.swift */,
				A9B524D0280E49FC00F4ABCA /* SelectionIndicator.swift */,
				A9B524D1280E49FC00F4ABCA /* SelectionIndicatorCant.swift */,
				A9B524D2280E49FC00F4ABCA /* SelectionIndicatorMay.swift */,
				A9B524CF280E49FC00F4ABCA /* SelectionIndicatorMust.swift */,
				A9B524F5280E4DF400F4ABCA /* SelectionState.swift */,
				A9B524ED280E4CF200F4ABCA /* SelectionText.swift */,
				A9B524F9280E4EDC00F4ABCA /* Tab.swift */,
				A9B524F7280E4EC600F4ABCA /* Tabs.swift */,
				A9B524E7280E4CF200F4ABCA /* TabsOriginCoordinator.swift */,
				A9B524EC280E4CF200F4ABCA /* TextFieldClearButton.swift */,
			);
			path = "Brotherhood Alchemist";
			sourceTree = "<group>";
		};
		A9DF11632801B5900039BE4C /* Ingredients */ = {
			isa = PBXGroup;
			children = (
				78B24DD227FE703D0053BD75 /* DefaultIngredients.swift */,
				780837B31F81F11000357BF9 /* Ingredient.swift */,
				78B24E092800D38A0053BD75 /* IngredientDetails.swift */,
				78B24DF927FFCB010053BD75 /* IngredientsList.swift */,
			);
			path = Ingredients;
			sourceTree = "<group>";
		};
		A9DF11642801B5AA0039BE4C /* Effects */ = {
			isa = PBXGroup;
			children = (
				78B24DD527FE710A0053BD75 /* DefaultEffects.swift */,
				780837B51F81F13700357BF9 /* Effect.swift */,
				78B24DF527FE90180053BD75 /* EffectDetails.swift */,
				78B24DF027FE74B80053BD75 /* EffectsList.swift */,
			);
			path = Effects;
			sourceTree = "<group>";
		};
		A9DF11652801B5D10039BE4C /* Utilities and common UI */ = {
			isa = PBXGroup;
			children = (
				78B24E032800B91D0053BD75 /* BorderedText.swift */,
				A9DF1185280206570039BE4C /* FilterControl.swift */,
				A9DF117F2801E0370039BE4C /* HeightCoordinator.swift */,
				A9DF1183280203E10039BE4C /* ListHeader.swift */,
				A9DF11662801BA6C0039BE4C /* MinWidthCoordinator.swift */,
				A9DF117B2801D0720039BE4C /* ResetModal.swift */,
				A9DF118F2802567A0039BE4C /* SelectionIndicator.swift */,
				A9DF11702801C8380039BE4C /* SelectionIndicatorCant.swift */,
				A9DF11722801C8750039BE4C /* SelectionIndicatorMay.swift */,
				A9DF11742801C8A20039BE4C /* SelectionIndicatorMust.swift */,
				A9DF11762801C8E90039BE4C /* SelectionText.swift */,
				A9DF117D2801DD430039BE4C /* TabsOriginCoordinator.swift */,
				78B24DF327FE7EB70053BD75 /* TextFieldClearButton.swift */,
			);
			path = "Utilities and common UI";
			sourceTree = "<group>";
		};
		A9DF11782801CB950039BE4C /* Data Model & Logic */ = {
			isa = PBXGroup;
			children = (
				78E8F08B1F833B0000B07C92 /* Concoction.swift */,
				787334EE27DE7A24009120C5 /* ConcoctionFinder.swift */,
				7824A122279908B6001BABC5 /* ConstrainedName.swift */,
				78B24E0127FFD3690053BD75 /* EffectsFilter.swift */,
				787334F127DE7AD2009120C5 /* EffectsValueCalculator.swift */,
				A9DF11792801CD610039BE4C /* IngredientsFilter.swift */,
				78B24DFF27FFD0DA0053BD75 /* SelectionState.swift */,
				A9DF1195280277BC0039BE4C /* Operations */,
				A9DF11682801BD6D0039BE4C /* ViewModel.swift */,
			);
			path = "Data Model & Logic";
			sourceTree = "<group>";
		};
		A9DF118A280246F40039BE4C /* Recipes */ = {
			isa = PBXGroup;
			children = (
				A9DF118B280247080039BE4C /* RecipesList.swift */,
				A9DF118D280249610039BE4C /* RecipeDetails.swift */,
				A9DF11962803128F0039BE4C /* RecipesListOptions.swift */,
			);
			path = Recipes;
			sourceTree = "<group>";
		};
		A9DF1195280277BC0039BE4C /* Operations */ = {
			isa = PBXGroup;
			children = (
				A9DF1193280277B10039BE4C /* FindConcoctions.swift */,
				A9DF1191280273080039BE4C /* UpdateConcoctions.swift */,
			);
			path = Operations;
			sourceTree = "<group>";
		};
/* End PBXGroup section */

/* Begin PBXNativeTarget section */
		7824A106278A9DBC001BABC5 /* Brotherhood AlchemistTests */ = {
			isa = PBXNativeTarget;
			buildConfigurationList = 7824A10B278A9DBC001BABC5 /* Build configuration list for PBXNativeTarget "Brotherhood AlchemistTests" */;
			buildPhases = (
				7824A103278A9DBC001BABC5 /* Sources */,
				7824A104278A9DBC001BABC5 /* Frameworks */,
				7824A105278A9DBC001BABC5 /* Resources */,
			);
			buildRules = (
			);
			dependencies = (
			);
			name = "Brotherhood AlchemistTests";
			productName = "Brotherhood AlchemistTests";
			productReference = 7824A107278A9DBC001BABC5 /* Brotherhood AlchemistTests.xctest */;
			productType = "com.apple.product-type.bundle.unit-test";
		};
		78B24DDB27FE73650053BD75 /* Brotherhoold Alchemist SwiftUI */ = {
			isa = PBXNativeTarget;
			buildConfigurationList = 78B24DE727FE73660053BD75 /* Build configuration list for PBXNativeTarget "Brotherhoold Alchemist SwiftUI" */;
			buildPhases = (
				78B24DD827FE73650053BD75 /* Sources */,
				78B24DD927FE73650053BD75 /* Frameworks */,
				78B24DDA27FE73650053BD75 /* Resources */,
			);
			buildRules = (
			);
			dependencies = (
			);
			name = "Brotherhoold Alchemist SwiftUI";
			productName = "Brotherhoold Alchemist SwiftUI";
			productReference = 78B24DDC27FE73650053BD75 /* Alchemist.app */;
			productType = "com.apple.product-type.application";
		};
		A9B524C0280E495300F4ABCA /* Brotherhood Alchemist */ = {
			isa = PBXNativeTarget;
			buildConfigurationList = A9B524CC280E495400F4ABCA /* Build configuration list for PBXNativeTarget "Brotherhood Alchemist" */;
			buildPhases = (
				A9B524BD280E495300F4ABCA /* Sources */,
				A9B524BE280E495300F4ABCA /* Frameworks */,
				A9B524BF280E495300F4ABCA /* Resources */,
			);
			buildRules = (
			);
			dependencies = (
			);
			name = "Brotherhood Alchemist";
			productName = "Brotherhood Alchemist";
			productReference = A9B524C1280E495300F4ABCA /* Brotherhood Alchemist.app */;
			productType = "com.apple.product-type.application";
		};
/* End PBXNativeTarget section */

/* Begin PBXProject section */
		78EEE2411F81C9230036FAA2 /* Project object */ = {
			isa = PBXProject;
			attributes = {
				LastSwiftUpdateCheck = 1330;
				LastUpgradeCheck = 1330;
				ORGANIZATIONNAME = "Dave Poirier";
				TargetAttributes = {
					7824A106278A9DBC001BABC5 = {
						CreatedOnToolsVersion = 13.2.1;
					};
					78B24DDB27FE73650053BD75 = {
						CreatedOnToolsVersion = 13.3;
					};
					A9B524C0280E495300F4ABCA = {
						CreatedOnToolsVersion = 13.3.1;
					};
				};
			};
			buildConfigurationList = 78EEE2441F81C9230036FAA2 /* Build configuration list for PBXProject "Brotherhood Alchemist" */;
			compatibilityVersion = "Xcode 13.0";
			developmentRegion = en;
			hasScannedForEncodings = 0;
			knownRegions = (
				en,
				Base,
			);
			mainGroup = 78EEE2401F81C9230036FAA2;
			productRefGroup = 78EEE24A1F81C9230036FAA2 /* Products */;
			projectDirPath = "";
			projectRoot = "";
			targets = (
				A9B524C0280E495300F4ABCA /* Brotherhood Alchemist */,
				7824A106278A9DBC001BABC5 /* Brotherhood AlchemistTests */,
				78B24DDB27FE73650053BD75 /* Brotherhoold Alchemist SwiftUI */,
			);
		};
/* End PBXProject section */

/* Begin PBXResourcesBuildPhase section */
		7824A105278A9DBC001BABC5 /* Resources */ = {
			isa = PBXResourcesBuildPhase;
			buildActionMask = 2147483647;
			files = (
			);
			runOnlyForDeploymentPostprocessing = 0;
		};
		78B24DDA27FE73650053BD75 /* Resources */ = {
			isa = PBXResourcesBuildPhase;
			buildActionMask = 2147483647;
			files = (
				78B24DE327FE73660053BD75 /* Assets.xcassets in Resources */,
			);
			runOnlyForDeploymentPostprocessing = 0;
		};
		A9B524BF280E495300F4ABCA /* Resources */ = {
			isa = PBXResourcesBuildPhase;
			buildActionMask = 2147483647;
			files = (
				A9B524C8280E495400F4ABCA /* Assets.xcassets in Resources */,
			);
			runOnlyForDeploymentPostprocessing = 0;
		};
/* End PBXResourcesBuildPhase section */

/* Begin PBXSourcesBuildPhase section */
		7824A103278A9DBC001BABC5 /* Sources */ = {
			isa = PBXSourcesBuildPhase;
			buildActionMask = 2147483647;
			files = (
				A9585F802813B23D00E78F47 /* EffectsTests.swift in Sources */,
				A9585F822814099800E78F47 /* Ingredients.swift in Sources */,
				A9585F7D2813AA0F00E78F47 /* DefaultIngredients.swift in Sources */,
				A9585F7F2813ADAC00E78F47 /* Effects.swift in Sources */,
				A9585F792813960400E78F47 /* DefaultEffects.swift in Sources */,
				A9585F77281395FE00E78F47 /* Effect.swift in Sources */,
				A9585F7B2813963300E78F47 /* SelectionState.swift in Sources */,
				A9585F6C2813956B00E78F47 /* Ingredient.swift in Sources */,
				A9585F752813959F00E78F47 /* ConstrainedName.swift in Sources */,
			);
			runOnlyForDeploymentPostprocessing = 0;
		};
		78B24DD827FE73650053BD75 /* Sources */ = {
			isa = PBXSourcesBuildPhase;
			buildActionMask = 2147483647;
			files = (
				A9DF11672801BA6C0039BE4C /* MinWidthCoordinator.swift in Sources */,
				78B24E042800B91D0053BD75 /* BorderedText.swift in Sources */,
				78B24DFA27FFCB010053BD75 /* IngredientsList.swift in Sources */,
				A9DF11752801C8A20039BE4C /* SelectionIndicatorMust.swift in Sources */,
				A9DF11872802449D0039BE4C /* Concoction.swift in Sources */,
				78B24DF127FE74B80053BD75 /* EffectsList.swift in Sources */,
				78B24E0227FFD3690053BD75 /* EffectsFilter.swift in Sources */,
				A9DF1189280246300039BE4C /* EffectsValueCalculator.swift in Sources */,
				78B24DED27FE74700053BD75 /* Effect.swift in Sources */,
				A9DF11972803128F0039BE4C /* RecipesListOptions.swift in Sources */,
				A9DF11822801E1280039BE4C /* Tabs.swift in Sources */,
				78B24DEB27FE74700053BD75 /* DefaultIngredients.swift in Sources */,
				A9DF1186280206570039BE4C /* FilterControl.swift in Sources */,
				78B24DEE27FE74700053BD75 /* Ingredient.swift in Sources */,
				A9DF11712801C8380039BE4C /* SelectionIndicatorCant.swift in Sources */,
				A9DF11692801BD6D0039BE4C /* ViewModel.swift in Sources */,
				A9DF1192280273080039BE4C /* UpdateConcoctions.swift in Sources */,
				78B24DF427FE7EB70053BD75 /* TextFieldClearButton.swift in Sources */,
				A9DF11802801E0370039BE4C /* HeightCoordinator.swift in Sources */,
				A9DF11772801C8E90039BE4C /* SelectionText.swift in Sources */,
				A9DF1194280277B10039BE4C /* FindConcoctions.swift in Sources */,
				A9DF117A2801CD610039BE4C /* IngredientsFilter.swift in Sources */,
				78B24DE127FE73650053BD75 /* ContentView.swift in Sources */,
				78B24DEF27FE74700053BD75 /* DefaultEffects.swift in Sources */,
				78B24E0A2800D38A0053BD75 /* IngredientDetails.swift in Sources */,
				78B24DF627FE90180053BD75 /* EffectDetails.swift in Sources */,
				A9DF1188280244A30039BE4C /* ConcoctionFinder.swift in Sources */,
				A9DF117C2801D0720039BE4C /* ResetModal.swift in Sources */,
				A9DF118C280247080039BE4C /* RecipesList.swift in Sources */,
				78B24E0027FFD0DA0053BD75 /* SelectionState.swift in Sources */,
				A9DF11732801C8750039BE4C /* SelectionIndicatorMay.swift in Sources */,
				78B24DDF27FE73650053BD75 /* Brotherhoold_Alchemist_SwiftUIApp.swift in Sources */,
				78B24DEC27FE74700053BD75 /* ConstrainedName.swift in Sources */,
				A9DF1184280203E10039BE4C /* ListHeader.swift in Sources */,
				A9DF118E280249610039BE4C /* RecipeDetails.swift in Sources */,
				A9DF11902802567A0039BE4C /* SelectionIndicator.swift in Sources */,
				A9DF119928031C830039BE4C /* Credits.swift in Sources */,
				A9DF117E2801DD430039BE4C /* TabsOriginCoordinator.swift in Sources */,
			);
			runOnlyForDeploymentPostprocessing = 0;
		};
		A9B524BD280E495300F4ABCA /* Sources */ = {
			isa = PBXSourcesBuildPhase;
			buildActionMask = 2147483647;
			files = (
				A9585F812814099800E78F47 /* Ingredients.swift in Sources */,
				A9585F7C2813AA0F00E78F47 /* DefaultIngredients.swift in Sources */,
				A9585F7E2813ADAB00E78F47 /* Effects.swift in Sources */,
				A9585F782813960300E78F47 /* DefaultEffects.swift in Sources */,
				A9585F76281395FD00E78F47 /* Effect.swift in Sources */,
				A9585F7A2813963200E78F47 /* SelectionState.swift in Sources */,
				A9585F6D2813956B00E78F47 /* Ingredient.swift in Sources */,
				A9585F742813959E00E78F47 /* ConstrainedName.swift in Sources */,
			);
			runOnlyForDeploymentPostprocessing = 0;
		};
/* End PBXSourcesBuildPhase section */

/* Begin XCBuildConfiguration section */
		7824A10C278A9DBC001BABC5 /* Debug */ = {
			isa = XCBuildConfiguration;
			buildSettings = {
				CLANG_CXX_LANGUAGE_STANDARD = "gnu++17";
				CLANG_ENABLE_OBJC_WEAK = YES;
				CLANG_WARN_DEPRECATED_OBJC_IMPLEMENTATIONS = YES;
				CLANG_WARN_OBJC_IMPLICIT_RETAIN_SELF = YES;
				CLANG_WARN_QUOTED_INCLUDE_IN_FRAMEWORK_HEADER = YES;
				CODE_SIGN_STYLE = Automatic;
				CURRENT_PROJECT_VERSION = 1;
				DEVELOPMENT_TEAM = WKB9M744MQ;
				GENERATE_INFOPLIST_FILE = YES;
				IPHONEOS_DEPLOYMENT_TARGET = 15.2;
				MARKETING_VERSION = 1.0;
				MTL_ENABLE_DEBUG_INFO = INCLUDE_SOURCE;
				MTL_FAST_MATH = YES;
				PRODUCT_BUNDLE_IDENTIFIER = "io.soft.Brotherhood-AlchemistTests";
				PRODUCT_NAME = "$(TARGET_NAME)";
				SWIFT_EMIT_LOC_STRINGS = NO;
				SWIFT_VERSION = 5.0;
				TARGETED_DEVICE_FAMILY = "1,2";
			};
			name = Debug;
		};
		7824A10D278A9DBC001BABC5 /* Release */ = {
			isa = XCBuildConfiguration;
			buildSettings = {
				CLANG_CXX_LANGUAGE_STANDARD = "gnu++17";
				CLANG_ENABLE_OBJC_WEAK = YES;
				CLANG_WARN_DEPRECATED_OBJC_IMPLEMENTATIONS = YES;
				CLANG_WARN_OBJC_IMPLICIT_RETAIN_SELF = YES;
				CLANG_WARN_QUOTED_INCLUDE_IN_FRAMEWORK_HEADER = YES;
				CODE_SIGN_STYLE = Automatic;
				CURRENT_PROJECT_VERSION = 1;
				DEVELOPMENT_TEAM = WKB9M744MQ;
				GENERATE_INFOPLIST_FILE = YES;
				IPHONEOS_DEPLOYMENT_TARGET = 15.2;
				MARKETING_VERSION = 1.0;
				MTL_FAST_MATH = YES;
				PRODUCT_BUNDLE_IDENTIFIER = "io.soft.Brotherhood-AlchemistTests";
				PRODUCT_NAME = "$(TARGET_NAME)";
				SWIFT_EMIT_LOC_STRINGS = NO;
				SWIFT_VERSION = 5.0;
				TARGETED_DEVICE_FAMILY = "1,2";
			};
			name = Release;
		};
		78B24DE827FE73660053BD75 /* Debug */ = {
			isa = XCBuildConfiguration;
			buildSettings = {
				ASSETCATALOG_COMPILER_APPICON_NAME = AppIcon;
				ASSETCATALOG_COMPILER_GLOBAL_ACCENT_COLOR_NAME = AccentColor;
				CLANG_CXX_LANGUAGE_STANDARD = "gnu++17";
				CLANG_ENABLE_OBJC_WEAK = YES;
				CODE_SIGN_ENTITLEMENTS = "Brotherhoold Alchemist SwiftUI/Brotherhoold Alchemist SwiftUI.entitlements";
				CODE_SIGN_STYLE = Automatic;
				CURRENT_PROJECT_VERSION = 202204101609;
				DEVELOPMENT_TEAM = WKB9M744MQ;
				ENABLE_PREVIEWS = YES;
				GENERATE_INFOPLIST_FILE = YES;
				INFOPLIST_KEY_UIApplicationSceneManifest_Generation = YES;
				INFOPLIST_KEY_UIApplicationSupportsIndirectInputEvents = YES;
				INFOPLIST_KEY_UILaunchScreen_Generation = YES;
				INFOPLIST_KEY_UISupportedInterfaceOrientations_iPad = "UIInterfaceOrientationPortrait UIInterfaceOrientationPortraitUpsideDown UIInterfaceOrientationLandscapeLeft UIInterfaceOrientationLandscapeRight";
				INFOPLIST_KEY_UISupportedInterfaceOrientations_iPhone = UIInterfaceOrientationPortrait;
				IPHONEOS_DEPLOYMENT_TARGET = 15.0;
				LD_RUNPATH_SEARCH_PATHS = (
					"$(inherited)",
					"@executable_path/Frameworks",
				);
				MARKETING_VERSION = 1.2;
				MTL_ENABLE_DEBUG_INFO = INCLUDE_SOURCE;
				MTL_FAST_MATH = YES;
				PRODUCT_BUNDLE_IDENTIFIER = "io.soft.Brotherhood-Alchemist";
				PRODUCT_NAME = Alchemist;
				SUPPORTS_MACCATALYST = YES;
				SWIFT_EMIT_LOC_STRINGS = YES;
				SWIFT_VERSION = 5.0;
				TARGETED_DEVICE_FAMILY = "1,2";
			};
			name = Debug;
		};
		78B24DE927FE73660053BD75 /* Release */ = {
			isa = XCBuildConfiguration;
			buildSettings = {
				ASSETCATALOG_COMPILER_APPICON_NAME = AppIcon;
				ASSETCATALOG_COMPILER_GLOBAL_ACCENT_COLOR_NAME = AccentColor;
				CLANG_CXX_LANGUAGE_STANDARD = "gnu++17";
				CLANG_ENABLE_OBJC_WEAK = YES;
				CODE_SIGN_ENTITLEMENTS = "Brotherhoold Alchemist SwiftUI/Brotherhoold Alchemist SwiftUI.entitlements";
				CODE_SIGN_STYLE = Automatic;
				CURRENT_PROJECT_VERSION = 202204101609;
				DEVELOPMENT_TEAM = WKB9M744MQ;
				ENABLE_PREVIEWS = YES;
				GENERATE_INFOPLIST_FILE = YES;
				INFOPLIST_KEY_UIApplicationSceneManifest_Generation = YES;
				INFOPLIST_KEY_UIApplicationSupportsIndirectInputEvents = YES;
				INFOPLIST_KEY_UILaunchScreen_Generation = YES;
				INFOPLIST_KEY_UISupportedInterfaceOrientations_iPad = "UIInterfaceOrientationPortrait UIInterfaceOrientationPortraitUpsideDown UIInterfaceOrientationLandscapeLeft UIInterfaceOrientationLandscapeRight";
				INFOPLIST_KEY_UISupportedInterfaceOrientations_iPhone = UIInterfaceOrientationPortrait;
				IPHONEOS_DEPLOYMENT_TARGET = 15.0;
				LD_RUNPATH_SEARCH_PATHS = (
					"$(inherited)",
					"@executable_path/Frameworks",
				);
				MARKETING_VERSION = 1.2;
				MTL_FAST_MATH = YES;
				PRODUCT_BUNDLE_IDENTIFIER = "io.soft.Brotherhood-Alchemist";
				PRODUCT_NAME = Alchemist;
				SUPPORTS_MACCATALYST = YES;
				SWIFT_EMIT_LOC_STRINGS = YES;
				SWIFT_VERSION = 5.0;
				TARGETED_DEVICE_FAMILY = "1,2";
			};
			name = Release;
		};
		78EEE2591F81C9230036FAA2 /* Debug */ = {
			isa = XCBuildConfiguration;
			buildSettings = {
				ALWAYS_SEARCH_USER_PATHS = NO;
				CLANG_ANALYZER_NONNULL = YES;
				CLANG_ANALYZER_NUMBER_OBJECT_CONVERSION = YES_AGGRESSIVE;
				CLANG_CXX_LANGUAGE_STANDARD = "gnu++14";
				CLANG_CXX_LIBRARY = "libc++";
				CLANG_ENABLE_MODULES = YES;
				CLANG_ENABLE_OBJC_ARC = YES;
				CLANG_WARN_BLOCK_CAPTURE_AUTORELEASING = YES;
				CLANG_WARN_BOOL_CONVERSION = YES;
				CLANG_WARN_COMMA = YES;
				CLANG_WARN_CONSTANT_CONVERSION = YES;
				CLANG_WARN_DEPRECATED_OBJC_IMPLEMENTATIONS = YES;
				CLANG_WARN_DIRECT_OBJC_ISA_USAGE = YES_ERROR;
				CLANG_WARN_DOCUMENTATION_COMMENTS = YES;
				CLANG_WARN_EMPTY_BODY = YES;
				CLANG_WARN_ENUM_CONVERSION = YES;
				CLANG_WARN_INFINITE_RECURSION = YES;
				CLANG_WARN_INT_CONVERSION = YES;
				CLANG_WARN_NON_LITERAL_NULL_CONVERSION = YES;
				CLANG_WARN_OBJC_IMPLICIT_RETAIN_SELF = YES;
				CLANG_WARN_OBJC_LITERAL_CONVERSION = YES;
				CLANG_WARN_OBJC_ROOT_CLASS = YES_ERROR;
				CLANG_WARN_QUOTED_INCLUDE_IN_FRAMEWORK_HEADER = YES;
				CLANG_WARN_RANGE_LOOP_ANALYSIS = YES;
				CLANG_WARN_STRICT_PROTOTYPES = YES;
				CLANG_WARN_SUSPICIOUS_MOVE = YES;
				CLANG_WARN_UNGUARDED_AVAILABILITY = YES_AGGRESSIVE;
				CLANG_WARN_UNREACHABLE_CODE = YES;
				CLANG_WARN__DUPLICATE_METHOD_MATCH = YES;
				CODE_SIGN_IDENTITY = "iPhone Developer";
				COPY_PHASE_STRIP = NO;
				DEBUG_INFORMATION_FORMAT = dwarf;
				ENABLE_STRICT_OBJC_MSGSEND = YES;
				ENABLE_TESTABILITY = YES;
				GCC_C_LANGUAGE_STANDARD = gnu11;
				GCC_DYNAMIC_NO_PIC = NO;
				GCC_NO_COMMON_BLOCKS = YES;
				GCC_OPTIMIZATION_LEVEL = 0;
				GCC_PREPROCESSOR_DEFINITIONS = (
					"DEBUG=1",
					"$(inherited)",
				);
				GCC_WARN_64_TO_32_BIT_CONVERSION = YES;
				GCC_WARN_ABOUT_RETURN_TYPE = YES_ERROR;
				GCC_WARN_UNDECLARED_SELECTOR = YES;
				GCC_WARN_UNINITIALIZED_AUTOS = YES_AGGRESSIVE;
				GCC_WARN_UNUSED_FUNCTION = YES;
				GCC_WARN_UNUSED_VARIABLE = YES;
				IPHONEOS_DEPLOYMENT_TARGET = 13.0;
				MTL_ENABLE_DEBUG_INFO = YES;
				ONLY_ACTIVE_ARCH = YES;
				SDKROOT = iphoneos;
				SWIFT_ACTIVE_COMPILATION_CONDITIONS = DEBUG;
				SWIFT_OPTIMIZATION_LEVEL = "-Onone";
			};
			name = Debug;
		};
		78EEE25A1F81C9230036FAA2 /* Release */ = {
			isa = XCBuildConfiguration;
			buildSettings = {
				ALWAYS_SEARCH_USER_PATHS = NO;
				CLANG_ANALYZER_NONNULL = YES;
				CLANG_ANALYZER_NUMBER_OBJECT_CONVERSION = YES_AGGRESSIVE;
				CLANG_CXX_LANGUAGE_STANDARD = "gnu++14";
				CLANG_CXX_LIBRARY = "libc++";
				CLANG_ENABLE_MODULES = YES;
				CLANG_ENABLE_OBJC_ARC = YES;
				CLANG_WARN_BLOCK_CAPTURE_AUTORELEASING = YES;
				CLANG_WARN_BOOL_CONVERSION = YES;
				CLANG_WARN_COMMA = YES;
				CLANG_WARN_CONSTANT_CONVERSION = YES;
				CLANG_WARN_DEPRECATED_OBJC_IMPLEMENTATIONS = YES;
				CLANG_WARN_DIRECT_OBJC_ISA_USAGE = YES_ERROR;
				CLANG_WARN_DOCUMENTATION_COMMENTS = YES;
				CLANG_WARN_EMPTY_BODY = YES;
				CLANG_WARN_ENUM_CONVERSION = YES;
				CLANG_WARN_INFINITE_RECURSION = YES;
				CLANG_WARN_INT_CONVERSION = YES;
				CLANG_WARN_NON_LITERAL_NULL_CONVERSION = YES;
				CLANG_WARN_OBJC_IMPLICIT_RETAIN_SELF = YES;
				CLANG_WARN_OBJC_LITERAL_CONVERSION = YES;
				CLANG_WARN_OBJC_ROOT_CLASS = YES_ERROR;
				CLANG_WARN_QUOTED_INCLUDE_IN_FRAMEWORK_HEADER = YES;
				CLANG_WARN_RANGE_LOOP_ANALYSIS = YES;
				CLANG_WARN_STRICT_PROTOTYPES = YES;
				CLANG_WARN_SUSPICIOUS_MOVE = YES;
				CLANG_WARN_UNGUARDED_AVAILABILITY = YES_AGGRESSIVE;
				CLANG_WARN_UNREACHABLE_CODE = YES;
				CLANG_WARN__DUPLICATE_METHOD_MATCH = YES;
				CODE_SIGN_IDENTITY = "iPhone Developer";
				COPY_PHASE_STRIP = NO;
				DEBUG_INFORMATION_FORMAT = "dwarf-with-dsym";
				ENABLE_NS_ASSERTIONS = NO;
				ENABLE_STRICT_OBJC_MSGSEND = YES;
				GCC_C_LANGUAGE_STANDARD = gnu11;
				GCC_NO_COMMON_BLOCKS = YES;
				GCC_WARN_64_TO_32_BIT_CONVERSION = YES;
				GCC_WARN_ABOUT_RETURN_TYPE = YES_ERROR;
				GCC_WARN_UNDECLARED_SELECTOR = YES;
				GCC_WARN_UNINITIALIZED_AUTOS = YES_AGGRESSIVE;
				GCC_WARN_UNUSED_FUNCTION = YES;
				GCC_WARN_UNUSED_VARIABLE = YES;
				IPHONEOS_DEPLOYMENT_TARGET = 13.0;
				MTL_ENABLE_DEBUG_INFO = NO;
				SDKROOT = iphoneos;
				SWIFT_COMPILATION_MODE = wholemodule;
				SWIFT_OPTIMIZATION_LEVEL = "-O";
				VALIDATE_PRODUCT = YES;
			};
			name = Release;
		};
		A9B524CD280E495400F4ABCA /* Debug */ = {
			isa = XCBuildConfiguration;
			buildSettings = {
				ASSETCATALOG_COMPILER_APPICON_NAME = AppIcon;
				ASSETCATALOG_COMPILER_GLOBAL_ACCENT_COLOR_NAME = AccentColor;
				CLANG_CXX_LANGUAGE_STANDARD = "gnu++17";
				CLANG_ENABLE_OBJC_WEAK = YES;
				CODE_SIGN_STYLE = Automatic;
				CURRENT_PROJECT_VERSION = 1;
				DEVELOPMENT_ASSET_PATHS = "\"Brotherhood Alchemist/Preview Content\"";
				DEVELOPMENT_TEAM = WKB9M744MQ;
				ENABLE_PREVIEWS = YES;
				GENERATE_INFOPLIST_FILE = YES;
				INFOPLIST_KEY_UIApplicationSceneManifest_Generation = YES;
				INFOPLIST_KEY_UIApplicationSupportsIndirectInputEvents = YES;
				INFOPLIST_KEY_UILaunchScreen_Generation = YES;
				INFOPLIST_KEY_UISupportedInterfaceOrientations_iPad = "UIInterfaceOrientationPortrait UIInterfaceOrientationPortraitUpsideDown UIInterfaceOrientationLandscapeLeft UIInterfaceOrientationLandscapeRight";
				INFOPLIST_KEY_UISupportedInterfaceOrientations_iPhone = "UIInterfaceOrientationPortrait UIInterfaceOrientationLandscapeLeft UIInterfaceOrientationLandscapeRight";
				IPHONEOS_DEPLOYMENT_TARGET = 15.4;
				LD_RUNPATH_SEARCH_PATHS = (
					"$(inherited)",
					"@executable_path/Frameworks",
				);
				MARKETING_VERSION = 1.0;
				MTL_ENABLE_DEBUG_INFO = INCLUDE_SOURCE;
				MTL_FAST_MATH = YES;
				PRODUCT_BUNDLE_IDENTIFIER = "io.soft.Brotherhood-Alchemist";
				PRODUCT_NAME = "$(TARGET_NAME)";
				SWIFT_EMIT_LOC_STRINGS = YES;
				SWIFT_VERSION = 5.0;
				TARGETED_DEVICE_FAMILY = "1,2";
			};
			name = Debug;
		};
		A9B524CE280E495400F4ABCA /* Release */ = {
			isa = XCBuildConfiguration;
			buildSettings = {
				ASSETCATALOG_COMPILER_APPICON_NAME = AppIcon;
				ASSETCATALOG_COMPILER_GLOBAL_ACCENT_COLOR_NAME = AccentColor;
				CLANG_CXX_LANGUAGE_STANDARD = "gnu++17";
				CLANG_ENABLE_OBJC_WEAK = YES;
				CODE_SIGN_STYLE = Automatic;
				CURRENT_PROJECT_VERSION = 1;
				DEVELOPMENT_ASSET_PATHS = "\"Brotherhood Alchemist/Preview Content\"";
				DEVELOPMENT_TEAM = WKB9M744MQ;
				ENABLE_PREVIEWS = YES;
				GENERATE_INFOPLIST_FILE = YES;
				INFOPLIST_KEY_UIApplicationSceneManifest_Generation = YES;
				INFOPLIST_KEY_UIApplicationSupportsIndirectInputEvents = YES;
				INFOPLIST_KEY_UILaunchScreen_Generation = YES;
				INFOPLIST_KEY_UISupportedInterfaceOrientations_iPad = "UIInterfaceOrientationPortrait UIInterfaceOrientationPortraitUpsideDown UIInterfaceOrientationLandscapeLeft UIInterfaceOrientationLandscapeRight";
				INFOPLIST_KEY_UISupportedInterfaceOrientations_iPhone = "UIInterfaceOrientationPortrait UIInterfaceOrientationLandscapeLeft UIInterfaceOrientationLandscapeRight";
				IPHONEOS_DEPLOYMENT_TARGET = 15.4;
				LD_RUNPATH_SEARCH_PATHS = (
					"$(inherited)",
					"@executable_path/Frameworks",
				);
				MARKETING_VERSION = 1.0;
				MTL_FAST_MATH = YES;
				PRODUCT_BUNDLE_IDENTIFIER = "io.soft.Brotherhood-Alchemist";
				PRODUCT_NAME = "$(TARGET_NAME)";
				SWIFT_EMIT_LOC_STRINGS = YES;
				SWIFT_VERSION = 5.0;
				TARGETED_DEVICE_FAMILY = "1,2";
			};
			name = Release;
		};
/* End XCBuildConfiguration section */

/* Begin XCConfigurationList section */
		7824A10B278A9DBC001BABC5 /* Build configuration list for PBXNativeTarget "Brotherhood AlchemistTests" */ = {
			isa = XCConfigurationList;
			buildConfigurations = (
				7824A10C278A9DBC001BABC5 /* Debug */,
				7824A10D278A9DBC001BABC5 /* Release */,
			);
			defaultConfigurationIsVisible = 0;
			defaultConfigurationName = Release;
		};
		78B24DE727FE73660053BD75 /* Build configuration list for PBXNativeTarget "Brotherhoold Alchemist SwiftUI" */ = {
			isa = XCConfigurationList;
			buildConfigurations = (
				78B24DE827FE73660053BD75 /* Debug */,
				78B24DE927FE73660053BD75 /* Release */,
			);
			defaultConfigurationIsVisible = 0;
			defaultConfigurationName = Release;
		};
		78EEE2441F81C9230036FAA2 /* Build configuration list for PBXProject "Brotherhood Alchemist" */ = {
			isa = XCConfigurationList;
			buildConfigurations = (
				78EEE2591F81C9230036FAA2 /* Debug */,
				78EEE25A1F81C9230036FAA2 /* Release */,
			);
			defaultConfigurationIsVisible = 0;
			defaultConfigurationName = Release;
		};
		A9B524CC280E495400F4ABCA /* Build configuration list for PBXNativeTarget "Brotherhood Alchemist" */ = {
			isa = XCConfigurationList;
			buildConfigurations = (
				A9B524CD280E495400F4ABCA /* Debug */,
				A9B524CE280E495400F4ABCA /* Release */,
			);
			defaultConfigurationIsVisible = 0;
			defaultConfigurationName = Release;
		};
/* End XCConfigurationList section */
	};
	rootObject = 78EEE2411F81C9230036FAA2 /* Project object */;
}
