// !$*UTF8*$!
{
	archiveVersion = 1;
	classes = {
	};
	objectVersion = 55;
	objects = {

/* Begin PBXBuildFile section */
		780837B41F81F11000357BF9 /* Ingredient.swift in Sources */ = {isa = PBXBuildFile; fileRef = 780837B31F81F11000357BF9 /* Ingredient.swift */; };
		780837B61F81F13700357BF9 /* Effect.swift in Sources */ = {isa = PBXBuildFile; fileRef = 780837B51F81F13700357BF9 /* Effect.swift */; };
		780837B91F8200D500357BF9 /* IngredientAvailableTableViewCell.swift in Sources */ = {isa = PBXBuildFile; fileRef = 780837B71F8200D500357BF9 /* IngredientAvailableTableViewCell.swift */; };
		780837BA1F8200D500357BF9 /* IngredientAvailableTableViewCell.xib in Resources */ = {isa = PBXBuildFile; fileRef = 780837B81F8200D500357BF9 /* IngredientAvailableTableViewCell.xib */; };
		780837C71F82628F00357BF9 /* EffectsViewController.swift in Sources */ = {isa = PBXBuildFile; fileRef = 780837C51F82628F00357BF9 /* EffectsViewController.swift */; };
		780837C81F82628F00357BF9 /* EffectsViewController.xib in Resources */ = {isa = PBXBuildFile; fileRef = 780837C61F82628F00357BF9 /* EffectsViewController.xib */; };
		780837CB1F82634400357BF9 /* EffectEnabledTableViewCell.swift in Sources */ = {isa = PBXBuildFile; fileRef = 780837C91F82634400357BF9 /* EffectEnabledTableViewCell.swift */; };
		780837CC1F82634400357BF9 /* EffectEnabledTableViewCell.xib in Resources */ = {isa = PBXBuildFile; fileRef = 780837CA1F82634400357BF9 /* EffectEnabledTableViewCell.xib */; };
		7824A10A278A9DBC001BABC5 /* Brotherhood_AlchemistTests.swift in Sources */ = {isa = PBXBuildFile; fileRef = 7824A109278A9DBC001BABC5 /* Brotherhood_AlchemistTests.swift */; };
		7866B1F31F83530400287840 /* MatchingRecipeDataSource.swift in Sources */ = {isa = PBXBuildFile; fileRef = 7866B1F21F83530400287840 /* MatchingRecipeDataSource.swift */; };
		7866B1F61F83594600287840 /* MatchingRecipeTableViewCell.swift in Sources */ = {isa = PBXBuildFile; fileRef = 7866B1F41F83594600287840 /* MatchingRecipeTableViewCell.swift */; };
		7866B1F71F83594600287840 /* MatchingRecipeTableViewCell.xib in Resources */ = {isa = PBXBuildFile; fileRef = 7866B1F51F83594600287840 /* MatchingRecipeTableViewCell.xib */; };
		7866B1F91F835BD800287840 /* RecipeIngredientView.swift in Sources */ = {isa = PBXBuildFile; fileRef = 7866B1F81F835BD800287840 /* RecipeIngredientView.swift */; };
		78B850D12789C74D003D1E4F /* SceneDelegate.swift in Sources */ = {isa = PBXBuildFile; fileRef = 78B850D02789C74D003D1E4F /* SceneDelegate.swift */; };
		78B850D42789C8BD003D1E4F /* RootView.swift in Sources */ = {isa = PBXBuildFile; fileRef = 78B850D32789C8BD003D1E4F /* RootView.swift */; };
		78E8F07C1F82FABE00B07C92 /* IngredientGenerator.swift in Sources */ = {isa = PBXBuildFile; fileRef = 78E8F07B1F82FABE00B07C92 /* IngredientGenerator.swift */; };
		78E8F07E1F82FB2000B07C92 /* EffectGenerator.swift in Sources */ = {isa = PBXBuildFile; fileRef = 78E8F07D1F82FB2000B07C92 /* EffectGenerator.swift */; };
		78E8F0801F82FE0D00B07C92 /* IngredientTracker.swift in Sources */ = {isa = PBXBuildFile; fileRef = 78E8F07F1F82FE0D00B07C92 /* IngredientTracker.swift */; };
		78E8F08A1F832FE100B07C92 /* EffectTracker.swift in Sources */ = {isa = PBXBuildFile; fileRef = 78E8F0891F832FE100B07C92 /* EffectTracker.swift */; };
		78E8F08C1F833B0000B07C92 /* Concoction.swift in Sources */ = {isa = PBXBuildFile; fileRef = 78E8F08B1F833B0000B07C92 /* Concoction.swift */; };
		78E8F08E1F833BC000B07C92 /* ConcoctionGenerator.swift in Sources */ = {isa = PBXBuildFile; fileRef = 78E8F08D1F833BC000B07C92 /* ConcoctionGenerator.swift */; };
		78EEE24D1F81C9230036FAA2 /* AppDelegate.swift in Sources */ = {isa = PBXBuildFile; fileRef = 78EEE24C1F81C9230036FAA2 /* AppDelegate.swift */; };
		78EEE24F1F81C9230036FAA2 /* RootViewController.swift in Sources */ = {isa = PBXBuildFile; fileRef = 78EEE24E1F81C9230036FAA2 /* RootViewController.swift */; };
		78EEE2541F81C9230036FAA2 /* Assets.xcassets in Resources */ = {isa = PBXBuildFile; fileRef = 78EEE2531F81C9230036FAA2 /* Assets.xcassets */; };
		78EEE2571F81C9230036FAA2 /* LaunchScreen.storyboard in Resources */ = {isa = PBXBuildFile; fileRef = 78EEE2551F81C9230036FAA2 /* LaunchScreen.storyboard */; };
		78EEE2611F81CF100036FAA2 /* IngredientsViewController.swift in Sources */ = {isa = PBXBuildFile; fileRef = 78EEE25F1F81CF100036FAA2 /* IngredientsViewController.swift */; };
		78EEE2621F81CF100036FAA2 /* IngredientsViewController.xib in Resources */ = {isa = PBXBuildFile; fileRef = 78EEE2601F81CF100036FAA2 /* IngredientsViewController.xib */; };
/* End PBXBuildFile section */

/* Begin PBXFileReference section */
		780837B31F81F11000357BF9 /* Ingredient.swift */ = {isa = PBXFileReference; lastKnownFileType = sourcecode.swift; path = Ingredient.swift; sourceTree = "<group>"; };
		780837B51F81F13700357BF9 /* Effect.swift */ = {isa = PBXFileReference; lastKnownFileType = sourcecode.swift; path = Effect.swift; sourceTree = "<group>"; };
		780837B71F8200D500357BF9 /* IngredientAvailableTableViewCell.swift */ = {isa = PBXFileReference; lastKnownFileType = sourcecode.swift; path = IngredientAvailableTableViewCell.swift; sourceTree = "<group>"; };
		780837B81F8200D500357BF9 /* IngredientAvailableTableViewCell.xib */ = {isa = PBXFileReference; lastKnownFileType = file.xib; path = IngredientAvailableTableViewCell.xib; sourceTree = "<group>"; };
		780837C51F82628F00357BF9 /* EffectsViewController.swift */ = {isa = PBXFileReference; lastKnownFileType = sourcecode.swift; path = EffectsViewController.swift; sourceTree = "<group>"; };
		780837C61F82628F00357BF9 /* EffectsViewController.xib */ = {isa = PBXFileReference; lastKnownFileType = file.xib; path = EffectsViewController.xib; sourceTree = "<group>"; };
		780837C91F82634400357BF9 /* EffectEnabledTableViewCell.swift */ = {isa = PBXFileReference; lastKnownFileType = sourcecode.swift; path = EffectEnabledTableViewCell.swift; sourceTree = "<group>"; };
		780837CA1F82634400357BF9 /* EffectEnabledTableViewCell.xib */ = {isa = PBXFileReference; lastKnownFileType = file.xib; path = EffectEnabledTableViewCell.xib; sourceTree = "<group>"; };
		7824A107278A9DBC001BABC5 /* Brotherhood AlchemistTests.xctest */ = {isa = PBXFileReference; explicitFileType = wrapper.cfbundle; includeInIndex = 0; path = "Brotherhood AlchemistTests.xctest"; sourceTree = BUILT_PRODUCTS_DIR; };
		7824A109278A9DBC001BABC5 /* Brotherhood_AlchemistTests.swift */ = {isa = PBXFileReference; lastKnownFileType = sourcecode.swift; path = Brotherhood_AlchemistTests.swift; sourceTree = "<group>"; };
		7866B1F21F83530400287840 /* MatchingRecipeDataSource.swift */ = {isa = PBXFileReference; lastKnownFileType = sourcecode.swift; path = MatchingRecipeDataSource.swift; sourceTree = "<group>"; };
		7866B1F41F83594600287840 /* MatchingRecipeTableViewCell.swift */ = {isa = PBXFileReference; lastKnownFileType = sourcecode.swift; path = MatchingRecipeTableViewCell.swift; sourceTree = "<group>"; };
		7866B1F51F83594600287840 /* MatchingRecipeTableViewCell.xib */ = {isa = PBXFileReference; lastKnownFileType = file.xib; path = MatchingRecipeTableViewCell.xib; sourceTree = "<group>"; };
		7866B1F81F835BD800287840 /* RecipeIngredientView.swift */ = {isa = PBXFileReference; lastKnownFileType = sourcecode.swift; path = RecipeIngredientView.swift; sourceTree = "<group>"; };
		78B850D02789C74D003D1E4F /* SceneDelegate.swift */ = {isa = PBXFileReference; lastKnownFileType = sourcecode.swift; path = SceneDelegate.swift; sourceTree = "<group>"; };
		78B850D32789C8BD003D1E4F /* RootView.swift */ = {isa = PBXFileReference; lastKnownFileType = sourcecode.swift; path = RootView.swift; sourceTree = "<group>"; };
		78E8F07B1F82FABE00B07C92 /* IngredientGenerator.swift */ = {isa = PBXFileReference; lastKnownFileType = sourcecode.swift; path = IngredientGenerator.swift; sourceTree = "<group>"; };
		78E8F07D1F82FB2000B07C92 /* EffectGenerator.swift */ = {isa = PBXFileReference; lastKnownFileType = sourcecode.swift; path = EffectGenerator.swift; sourceTree = "<group>"; };
		78E8F07F1F82FE0D00B07C92 /* IngredientTracker.swift */ = {isa = PBXFileReference; lastKnownFileType = sourcecode.swift; path = IngredientTracker.swift; sourceTree = "<group>"; };
		78E8F0891F832FE100B07C92 /* EffectTracker.swift */ = {isa = PBXFileReference; lastKnownFileType = sourcecode.swift; path = EffectTracker.swift; sourceTree = "<group>"; };
		78E8F08B1F833B0000B07C92 /* Concoction.swift */ = {isa = PBXFileReference; lastKnownFileType = sourcecode.swift; path = Concoction.swift; sourceTree = "<group>"; };
		78E8F08D1F833BC000B07C92 /* ConcoctionGenerator.swift */ = {isa = PBXFileReference; lastKnownFileType = sourcecode.swift; path = ConcoctionGenerator.swift; sourceTree = "<group>"; };
		78EEE2491F81C9230036FAA2 /* Brotherhood Alchemist.app */ = {isa = PBXFileReference; explicitFileType = wrapper.application; includeInIndex = 0; path = "Brotherhood Alchemist.app"; sourceTree = BUILT_PRODUCTS_DIR; };
		78EEE24C1F81C9230036FAA2 /* AppDelegate.swift */ = {isa = PBXFileReference; lastKnownFileType = sourcecode.swift; path = AppDelegate.swift; sourceTree = "<group>"; };
		78EEE24E1F81C9230036FAA2 /* RootViewController.swift */ = {isa = PBXFileReference; lastKnownFileType = sourcecode.swift; path = RootViewController.swift; sourceTree = "<group>"; };
		78EEE2531F81C9230036FAA2 /* Assets.xcassets */ = {isa = PBXFileReference; lastKnownFileType = folder.assetcatalog; path = Assets.xcassets; sourceTree = "<group>"; };
		78EEE2561F81C9230036FAA2 /* Base */ = {isa = PBXFileReference; lastKnownFileType = file.storyboard; name = Base; path = Base.lproj/LaunchScreen.storyboard; sourceTree = "<group>"; };
		78EEE2581F81C9230036FAA2 /* Info.plist */ = {isa = PBXFileReference; lastKnownFileType = text.plist.xml; path = Info.plist; sourceTree = "<group>"; };
		78EEE25F1F81CF100036FAA2 /* IngredientsViewController.swift */ = {isa = PBXFileReference; lastKnownFileType = sourcecode.swift; path = IngredientsViewController.swift; sourceTree = "<group>"; };
		78EEE2601F81CF100036FAA2 /* IngredientsViewController.xib */ = {isa = PBXFileReference; lastKnownFileType = file.xib; path = IngredientsViewController.xib; sourceTree = "<group>"; };
/* End PBXFileReference section */

/* Begin PBXFrameworksBuildPhase section */
		7824A104278A9DBC001BABC5 /* Frameworks */ = {
			isa = PBXFrameworksBuildPhase;
			buildActionMask = 2147483647;
			files = (
			);
			runOnlyForDeploymentPostprocessing = 0;
		};
		78EEE2461F81C9230036FAA2 /* Frameworks */ = {
			isa = PBXFrameworksBuildPhase;
			buildActionMask = 2147483647;
			files = (
			);
			runOnlyForDeploymentPostprocessing = 0;
		};
/* End PBXFrameworksBuildPhase section */

/* Begin PBXGroup section */
		780837BB1F8200DF00357BF9 /* Database */ = {
			isa = PBXGroup;
			children = (
				780837B31F81F11000357BF9 /* Ingredient.swift */,
				78E8F07B1F82FABE00B07C92 /* IngredientGenerator.swift */,
				78E8F07F1F82FE0D00B07C92 /* IngredientTracker.swift */,
				780837B51F81F13700357BF9 /* Effect.swift */,
				78E8F07D1F82FB2000B07C92 /* EffectGenerator.swift */,
				78E8F0891F832FE100B07C92 /* EffectTracker.swift */,
				78E8F08B1F833B0000B07C92 /* Concoction.swift */,
				78E8F08D1F833BC000B07C92 /* ConcoctionGenerator.swift */,
			);
			path = Database;
			sourceTree = "<group>";
		};
		7824A108278A9DBC001BABC5 /* Brotherhood AlchemistTests */ = {
			isa = PBXGroup;
			children = (
				7824A109278A9DBC001BABC5 /* Brotherhood_AlchemistTests.swift */,
			);
			path = "Brotherhood AlchemistTests";
			sourceTree = "<group>";
		};
		78B850D22789C8A7003D1E4F /* Root View */ = {
			isa = PBXGroup;
			children = (
				78EEE24E1F81C9230036FAA2 /* RootViewController.swift */,
				78B850D32789C8BD003D1E4F /* RootView.swift */,
				7866B1F21F83530400287840 /* MatchingRecipeDataSource.swift */,
				7866B1F41F83594600287840 /* MatchingRecipeTableViewCell.swift */,
				7866B1F51F83594600287840 /* MatchingRecipeTableViewCell.xib */,
				7866B1F81F835BD800287840 /* RecipeIngredientView.swift */,
			);
			path = "Root View";
			sourceTree = "<group>";
		};
		78B850D52789C9F8003D1E4F /* Effects View */ = {
			isa = PBXGroup;
			children = (
				780837C51F82628F00357BF9 /* EffectsViewController.swift */,
				780837C61F82628F00357BF9 /* EffectsViewController.xib */,
				780837C91F82634400357BF9 /* EffectEnabledTableViewCell.swift */,
				780837CA1F82634400357BF9 /* EffectEnabledTableViewCell.xib */,
			);
			path = "Effects View";
			sourceTree = "<group>";
		};
		78B850D62789CA07003D1E4F /* Ingredients View */ = {
			isa = PBXGroup;
			children = (
				78EEE25F1F81CF100036FAA2 /* IngredientsViewController.swift */,
				78EEE2601F81CF100036FAA2 /* IngredientsViewController.xib */,
				780837B71F8200D500357BF9 /* IngredientAvailableTableViewCell.swift */,
				780837B81F8200D500357BF9 /* IngredientAvailableTableViewCell.xib */,
			);
			path = "Ingredients View";
			sourceTree = "<group>";
		};
		78EEE2401F81C9230036FAA2 = {
			isa = PBXGroup;
			children = (
				78EEE24B1F81C9230036FAA2 /* Brotherhood Alchemist */,
				7824A108278A9DBC001BABC5 /* Brotherhood AlchemistTests */,
				78EEE24A1F81C9230036FAA2 /* Products */,
			);
			sourceTree = "<group>";
		};
		78EEE24A1F81C9230036FAA2 /* Products */ = {
			isa = PBXGroup;
			children = (
				78EEE2491F81C9230036FAA2 /* Brotherhood Alchemist.app */,
				7824A107278A9DBC001BABC5 /* Brotherhood AlchemistTests.xctest */,
			);
			name = Products;
			sourceTree = "<group>";
		};
		78EEE24B1F81C9230036FAA2 /* Brotherhood Alchemist */ = {
			isa = PBXGroup;
			children = (
				78EEE24C1F81C9230036FAA2 /* AppDelegate.swift */,
				78B850D02789C74D003D1E4F /* SceneDelegate.swift */,
				78B850D22789C8A7003D1E4F /* Root View */,
				78B850D52789C9F8003D1E4F /* Effects View */,
				78B850D62789CA07003D1E4F /* Ingredients View */,
				780837BB1F8200DF00357BF9 /* Database */,
				78EEE2531F81C9230036FAA2 /* Assets.xcassets */,
				78EEE2551F81C9230036FAA2 /* LaunchScreen.storyboard */,
				78EEE2581F81C9230036FAA2 /* Info.plist */,
			);
			path = "Brotherhood Alchemist";
			sourceTree = "<group>";
		};
/* End PBXGroup section */

/* Begin PBXNativeTarget section */
		7824A106278A9DBC001BABC5 /* Brotherhood AlchemistTests */ = {
			isa = PBXNativeTarget;
			buildConfigurationList = 7824A10B278A9DBC001BABC5 /* Build configuration list for PBXNativeTarget "Brotherhood AlchemistTests" */;
			buildPhases = (
				7824A103278A9DBC001BABC5 /* Sources */,
				7824A104278A9DBC001BABC5 /* Frameworks */,
				7824A105278A9DBC001BABC5 /* Resources */,
			);
			buildRules = (
			);
			dependencies = (
			);
			name = "Brotherhood AlchemistTests";
			productName = "Brotherhood AlchemistTests";
			productReference = 7824A107278A9DBC001BABC5 /* Brotherhood AlchemistTests.xctest */;
			productType = "com.apple.product-type.bundle.unit-test";
		};
		78EEE2481F81C9230036FAA2 /* Brotherhood Alchemist */ = {
			isa = PBXNativeTarget;
			buildConfigurationList = 78EEE25B1F81C9230036FAA2 /* Build configuration list for PBXNativeTarget "Brotherhood Alchemist" */;
			buildPhases = (
				78EEE2451F81C9230036FAA2 /* Sources */,
				78EEE2461F81C9230036FAA2 /* Frameworks */,
				78EEE2471F81C9230036FAA2 /* Resources */,
			);
			buildRules = (
			);
			dependencies = (
			);
			name = "Brotherhood Alchemist";
			productName = "Brotherhood Alchemist";
			productReference = 78EEE2491F81C9230036FAA2 /* Brotherhood Alchemist.app */;
			productType = "com.apple.product-type.application";
		};
/* End PBXNativeTarget section */

/* Begin PBXProject section */
		78EEE2411F81C9230036FAA2 /* Project object */ = {
			isa = PBXProject;
			attributes = {
				LastSwiftUpdateCheck = 1320;
				LastUpgradeCheck = 0900;
				ORGANIZATIONNAME = "Dave Poirier";
				TargetAttributes = {
					7824A106278A9DBC001BABC5 = {
						CreatedOnToolsVersion = 13.2.1;
					};
					78EEE2481F81C9230036FAA2 = {
						CreatedOnToolsVersion = 9.0;
						ProvisioningStyle = Automatic;
					};
				};
			};
			buildConfigurationList = 78EEE2441F81C9230036FAA2 /* Build configuration list for PBXProject "Brotherhood Alchemist" */;
			compatibilityVersion = "Xcode 13.0";
			developmentRegion = en;
			hasScannedForEncodings = 0;
			knownRegions = (
				en,
				Base,
			);
			mainGroup = 78EEE2401F81C9230036FAA2;
			productRefGroup = 78EEE24A1F81C9230036FAA2 /* Products */;
			projectDirPath = "";
			projectRoot = "";
			targets = (
				78EEE2481F81C9230036FAA2 /* Brotherhood Alchemist */,
				7824A106278A9DBC001BABC5 /* Brotherhood AlchemistTests */,
			);
		};
/* End PBXProject section */

/* Begin PBXResourcesBuildPhase section */
		7824A105278A9DBC001BABC5 /* Resources */ = {
			isa = PBXResourcesBuildPhase;
			buildActionMask = 2147483647;
			files = (
			);
			runOnlyForDeploymentPostprocessing = 0;
		};
		78EEE2471F81C9230036FAA2 /* Resources */ = {
			isa = PBXResourcesBuildPhase;
			buildActionMask = 2147483647;
			files = (
				780837BA1F8200D500357BF9 /* IngredientAvailableTableViewCell.xib in Resources */,
				78EEE2571F81C9230036FAA2 /* LaunchScreen.storyboard in Resources */,
				780837CC1F82634400357BF9 /* EffectEnabledTableViewCell.xib in Resources */,
				78EEE2621F81CF100036FAA2 /* IngredientsViewController.xib in Resources */,
				780837C81F82628F00357BF9 /* EffectsViewController.xib in Resources */,
				78EEE2541F81C9230036FAA2 /* Assets.xcassets in Resources */,
				7866B1F71F83594600287840 /* MatchingRecipeTableViewCell.xib in Resources */,
			);
			runOnlyForDeploymentPostprocessing = 0;
		};
/* End PBXResourcesBuildPhase section */

/* Begin PBXSourcesBuildPhase section */
		7824A103278A9DBC001BABC5 /* Sources */ = {
			isa = PBXSourcesBuildPhase;
			buildActionMask = 2147483647;
			files = (
				7824A10A278A9DBC001BABC5 /* Brotherhood_AlchemistTests.swift in Sources */,
			);
			runOnlyForDeploymentPostprocessing = 0;
		};
		78EEE2451F81C9230036FAA2 /* Sources */ = {
			isa = PBXSourcesBuildPhase;
			buildActionMask = 2147483647;
			files = (
				78E8F08C1F833B0000B07C92 /* Concoction.swift in Sources */,
				78EEE2611F81CF100036FAA2 /* IngredientsViewController.swift in Sources */,
				78E8F08A1F832FE100B07C92 /* EffectTracker.swift in Sources */,
				780837CB1F82634400357BF9 /* EffectEnabledTableViewCell.swift in Sources */,
				78B850D42789C8BD003D1E4F /* RootView.swift in Sources */,
				78EEE24F1F81C9230036FAA2 /* RootViewController.swift in Sources */,
				78E8F07C1F82FABE00B07C92 /* IngredientGenerator.swift in Sources */,
				78E8F07E1F82FB2000B07C92 /* EffectGenerator.swift in Sources */,
				780837B41F81F11000357BF9 /* Ingredient.swift in Sources */,
				7866B1F31F83530400287840 /* MatchingRecipeDataSource.swift in Sources */,
				78E8F0801F82FE0D00B07C92 /* IngredientTracker.swift in Sources */,
				780837C71F82628F00357BF9 /* EffectsViewController.swift in Sources */,
				780837B61F81F13700357BF9 /* Effect.swift in Sources */,
				7866B1F61F83594600287840 /* MatchingRecipeTableViewCell.swift in Sources */,
				78E8F08E1F833BC000B07C92 /* ConcoctionGenerator.swift in Sources */,
				78EEE24D1F81C9230036FAA2 /* AppDelegate.swift in Sources */,
				78B850D12789C74D003D1E4F /* SceneDelegate.swift in Sources */,
				7866B1F91F835BD800287840 /* RecipeIngredientView.swift in Sources */,
				780837B91F8200D500357BF9 /* IngredientAvailableTableViewCell.swift in Sources */,
			);
			runOnlyForDeploymentPostprocessing = 0;
		};
/* End PBXSourcesBuildPhase section */

/* Begin PBXVariantGroup section */
		78EEE2551F81C9230036FAA2 /* LaunchScreen.storyboard */ = {
			isa = PBXVariantGroup;
			children = (
				78EEE2561F81C9230036FAA2 /* Base */,
			);
			name = LaunchScreen.storyboard;
			sourceTree = "<group>";
		};
/* End PBXVariantGroup section */

/* Begin XCBuildConfiguration section */
		7824A10C278A9DBC001BABC5 /* Debug */ = {
			isa = XCBuildConfiguration;
			buildSettings = {
				CLANG_CXX_LANGUAGE_STANDARD = "gnu++17";
				CLANG_ENABLE_OBJC_WEAK = YES;
				CLANG_WARN_DEPRECATED_OBJC_IMPLEMENTATIONS = YES;
				CLANG_WARN_OBJC_IMPLICIT_RETAIN_SELF = YES;
				CLANG_WARN_QUOTED_INCLUDE_IN_FRAMEWORK_HEADER = YES;
				CODE_SIGN_STYLE = Automatic;
				CURRENT_PROJECT_VERSION = 1;
				DEVELOPMENT_TEAM = WKB9M744MQ;
				GENERATE_INFOPLIST_FILE = YES;
				IPHONEOS_DEPLOYMENT_TARGET = 15.2;
				MARKETING_VERSION = 1.0;
				MTL_ENABLE_DEBUG_INFO = INCLUDE_SOURCE;
				MTL_FAST_MATH = YES;
				PRODUCT_BUNDLE_IDENTIFIER = "io.soft.Brotherhood-AlchemistTests";
				PRODUCT_NAME = "$(TARGET_NAME)";
				SWIFT_EMIT_LOC_STRINGS = NO;
				SWIFT_VERSION = 5.0;
				TARGETED_DEVICE_FAMILY = "1,2";
			};
			name = Debug;
		};
		7824A10D278A9DBC001BABC5 /* Release */ = {
			isa = XCBuildConfiguration;
			buildSettings = {
				CLANG_CXX_LANGUAGE_STANDARD = "gnu++17";
				CLANG_ENABLE_OBJC_WEAK = YES;
				CLANG_WARN_DEPRECATED_OBJC_IMPLEMENTATIONS = YES;
				CLANG_WARN_OBJC_IMPLICIT_RETAIN_SELF = YES;
				CLANG_WARN_QUOTED_INCLUDE_IN_FRAMEWORK_HEADER = YES;
				CODE_SIGN_STYLE = Automatic;
				CURRENT_PROJECT_VERSION = 1;
				DEVELOPMENT_TEAM = WKB9M744MQ;
				GENERATE_INFOPLIST_FILE = YES;
				IPHONEOS_DEPLOYMENT_TARGET = 15.2;
				MARKETING_VERSION = 1.0;
				MTL_FAST_MATH = YES;
				PRODUCT_BUNDLE_IDENTIFIER = "io.soft.Brotherhood-AlchemistTests";
				PRODUCT_NAME = "$(TARGET_NAME)";
				SWIFT_EMIT_LOC_STRINGS = NO;
				SWIFT_VERSION = 5.0;
				TARGETED_DEVICE_FAMILY = "1,2";
			};
			name = Release;
		};
		78EEE2591F81C9230036FAA2 /* Debug */ = {
			isa = XCBuildConfiguration;
			buildSettings = {
				ALWAYS_SEARCH_USER_PATHS = NO;
				CLANG_ANALYZER_NONNULL = YES;
				CLANG_ANALYZER_NUMBER_OBJECT_CONVERSION = YES_AGGRESSIVE;
				CLANG_CXX_LANGUAGE_STANDARD = "gnu++14";
				CLANG_CXX_LIBRARY = "libc++";
				CLANG_ENABLE_MODULES = YES;
				CLANG_ENABLE_OBJC_ARC = YES;
				CLANG_WARN_BLOCK_CAPTURE_AUTORELEASING = YES;
				CLANG_WARN_BOOL_CONVERSION = YES;
				CLANG_WARN_COMMA = YES;
				CLANG_WARN_CONSTANT_CONVERSION = YES;
				CLANG_WARN_DIRECT_OBJC_ISA_USAGE = YES_ERROR;
				CLANG_WARN_DOCUMENTATION_COMMENTS = YES;
				CLANG_WARN_EMPTY_BODY = YES;
				CLANG_WARN_ENUM_CONVERSION = YES;
				CLANG_WARN_INFINITE_RECURSION = YES;
				CLANG_WARN_INT_CONVERSION = YES;
				CLANG_WARN_NON_LITERAL_NULL_CONVERSION = YES;
				CLANG_WARN_OBJC_LITERAL_CONVERSION = YES;
				CLANG_WARN_OBJC_ROOT_CLASS = YES_ERROR;
				CLANG_WARN_RANGE_LOOP_ANALYSIS = YES;
				CLANG_WARN_STRICT_PROTOTYPES = YES;
				CLANG_WARN_SUSPICIOUS_MOVE = YES;
				CLANG_WARN_UNGUARDED_AVAILABILITY = YES_AGGRESSIVE;
				CLANG_WARN_UNREACHABLE_CODE = YES;
				CLANG_WARN__DUPLICATE_METHOD_MATCH = YES;
				CODE_SIGN_IDENTITY = "iPhone Developer";
				COPY_PHASE_STRIP = NO;
				DEBUG_INFORMATION_FORMAT = dwarf;
				ENABLE_STRICT_OBJC_MSGSEND = YES;
				ENABLE_TESTABILITY = YES;
				GCC_C_LANGUAGE_STANDARD = gnu11;
				GCC_DYNAMIC_NO_PIC = NO;
				GCC_NO_COMMON_BLOCKS = YES;
				GCC_OPTIMIZATION_LEVEL = 0;
				GCC_PREPROCESSOR_DEFINITIONS = (
					"DEBUG=1",
					"$(inherited)",
				);
				GCC_WARN_64_TO_32_BIT_CONVERSION = YES;
				GCC_WARN_ABOUT_RETURN_TYPE = YES_ERROR;
				GCC_WARN_UNDECLARED_SELECTOR = YES;
				GCC_WARN_UNINITIALIZED_AUTOS = YES_AGGRESSIVE;
				GCC_WARN_UNUSED_FUNCTION = YES;
				GCC_WARN_UNUSED_VARIABLE = YES;
				IPHONEOS_DEPLOYMENT_TARGET = 13.0;
				MTL_ENABLE_DEBUG_INFO = YES;
				ONLY_ACTIVE_ARCH = YES;
				SDKROOT = iphoneos;
				SWIFT_ACTIVE_COMPILATION_CONDITIONS = DEBUG;
				SWIFT_OPTIMIZATION_LEVEL = "-Onone";
			};
			name = Debug;
		};
		78EEE25A1F81C9230036FAA2 /* Release */ = {
			isa = XCBuildConfiguration;
			buildSettings = {
				ALWAYS_SEARCH_USER_PATHS = NO;
				CLANG_ANALYZER_NONNULL = YES;
				CLANG_ANALYZER_NUMBER_OBJECT_CONVERSION = YES_AGGRESSIVE;
				CLANG_CXX_LANGUAGE_STANDARD = "gnu++14";
				CLANG_CXX_LIBRARY = "libc++";
				CLANG_ENABLE_MODULES = YES;
				CLANG_ENABLE_OBJC_ARC = YES;
				CLANG_WARN_BLOCK_CAPTURE_AUTORELEASING = YES;
				CLANG_WARN_BOOL_CONVERSION = YES;
				CLANG_WARN_COMMA = YES;
				CLANG_WARN_CONSTANT_CONVERSION = YES;
				CLANG_WARN_DIRECT_OBJC_ISA_USAGE = YES_ERROR;
				CLANG_WARN_DOCUMENTATION_COMMENTS = YES;
				CLANG_WARN_EMPTY_BODY = YES;
				CLANG_WARN_ENUM_CONVERSION = YES;
				CLANG_WARN_INFINITE_RECURSION = YES;
				CLANG_WARN_INT_CONVERSION = YES;
				CLANG_WARN_NON_LITERAL_NULL_CONVERSION = YES;
				CLANG_WARN_OBJC_LITERAL_CONVERSION = YES;
				CLANG_WARN_OBJC_ROOT_CLASS = YES_ERROR;
				CLANG_WARN_RANGE_LOOP_ANALYSIS = YES;
				CLANG_WARN_STRICT_PROTOTYPES = YES;
				CLANG_WARN_SUSPICIOUS_MOVE = YES;
				CLANG_WARN_UNGUARDED_AVAILABILITY = YES_AGGRESSIVE;
				CLANG_WARN_UNREACHABLE_CODE = YES;
				CLANG_WARN__DUPLICATE_METHOD_MATCH = YES;
				CODE_SIGN_IDENTITY = "iPhone Developer";
				COPY_PHASE_STRIP = NO;
				DEBUG_INFORMATION_FORMAT = "dwarf-with-dsym";
				ENABLE_NS_ASSERTIONS = NO;
				ENABLE_STRICT_OBJC_MSGSEND = YES;
				GCC_C_LANGUAGE_STANDARD = gnu11;
				GCC_NO_COMMON_BLOCKS = YES;
				GCC_WARN_64_TO_32_BIT_CONVERSION = YES;
				GCC_WARN_ABOUT_RETURN_TYPE = YES_ERROR;
				GCC_WARN_UNDECLARED_SELECTOR = YES;
				GCC_WARN_UNINITIALIZED_AUTOS = YES_AGGRESSIVE;
				GCC_WARN_UNUSED_FUNCTION = YES;
				GCC_WARN_UNUSED_VARIABLE = YES;
				IPHONEOS_DEPLOYMENT_TARGET = 13.0;
				MTL_ENABLE_DEBUG_INFO = NO;
				SDKROOT = iphoneos;
				SWIFT_COMPILATION_MODE = wholemodule;
				SWIFT_OPTIMIZATION_LEVEL = "-O";
				VALIDATE_PRODUCT = YES;
			};
			name = Release;
		};
		78EEE25C1F81C9230036FAA2 /* Debug */ = {
			isa = XCBuildConfiguration;
			buildSettings = {
				ASSETCATALOG_COMPILER_APPICON_NAME = AppIcon;
				CODE_SIGN_STYLE = Automatic;
				DEVELOPMENT_TEAM = WKB9M744MQ;
				INFOPLIST_FILE = "Brotherhood Alchemist/Info.plist";
				IPHONEOS_DEPLOYMENT_TARGET = 13.0;
				LD_RUNPATH_SEARCH_PATHS = (
					"$(inherited)",
					"@executable_path/Frameworks",
				);
				PRODUCT_BUNDLE_IDENTIFIER = "io.soft.Brotherhood-Alchemist";
				PRODUCT_NAME = "$(TARGET_NAME)";
				SWIFT_VERSION = 4.0;
				TARGETED_DEVICE_FAMILY = "1,2";
			};
			name = Debug;
		};
		78EEE25D1F81C9230036FAA2 /* Release */ = {
			isa = XCBuildConfiguration;
			buildSettings = {
				ASSETCATALOG_COMPILER_APPICON_NAME = AppIcon;
				CODE_SIGN_STYLE = Automatic;
				DEVELOPMENT_TEAM = WKB9M744MQ;
				INFOPLIST_FILE = "Brotherhood Alchemist/Info.plist";
				IPHONEOS_DEPLOYMENT_TARGET = 13.0;
				LD_RUNPATH_SEARCH_PATHS = (
					"$(inherited)",
					"@executable_path/Frameworks",
				);
				PRODUCT_BUNDLE_IDENTIFIER = "io.soft.Brotherhood-Alchemist";
				PRODUCT_NAME = "$(TARGET_NAME)";
				SWIFT_VERSION = 4.0;
				TARGETED_DEVICE_FAMILY = "1,2";
			};
			name = Release;
		};
/* End XCBuildConfiguration section */

/* Begin XCConfigurationList section */
		7824A10B278A9DBC001BABC5 /* Build configuration list for PBXNativeTarget "Brotherhood AlchemistTests" */ = {
			isa = XCConfigurationList;
			buildConfigurations = (
				7824A10C278A9DBC001BABC5 /* Debug */,
				7824A10D278A9DBC001BABC5 /* Release */,
			);
			defaultConfigurationIsVisible = 0;
			defaultConfigurationName = Release;
		};
		78EEE2441F81C9230036FAA2 /* Build configuration list for PBXProject "Brotherhood Alchemist" */ = {
			isa = XCConfigurationList;
			buildConfigurations = (
				78EEE2591F81C9230036FAA2 /* Debug */,
				78EEE25A1F81C9230036FAA2 /* Release */,
			);
			defaultConfigurationIsVisible = 0;
			defaultConfigurationName = Release;
		};
		78EEE25B1F81C9230036FAA2 /* Build configuration list for PBXNativeTarget "Brotherhood Alchemist" */ = {
			isa = XCConfigurationList;
			buildConfigurations = (
				78EEE25C1F81C9230036FAA2 /* Debug */,
				78EEE25D1F81C9230036FAA2 /* Release */,
			);
			defaultConfigurationIsVisible = 0;
			defaultConfigurationName = Release;
		};
/* End XCConfigurationList section */
	};
	rootObject = 78EEE2411F81C9230036FAA2 /* Project object */;
}
